// !$*UTF8*$!
{
	archiveVersion = 1;
	classes = {
	};
	objectVersion = 46;
	objects = {

/* Begin PBXBuildFile section */
		30DF1A8C1DC34A44009D7C53 /* main.m in Sources */ = {isa = PBXBuildFile; fileRef = 30DF1A8B1DC34A44009D7C53 /* main.m */; };
		30DF1A8F1DC34A44009D7C53 /* AppDelegate.m in Sources */ = {isa = PBXBuildFile; fileRef = 30DF1A8E1DC34A44009D7C53 /* AppDelegate.m */; };
		30DF1A921DC34A44009D7C53 /* ViewController.m in Sources */ = {isa = PBXBuildFile; fileRef = 30DF1A911DC34A44009D7C53 /* ViewController.m */; };
		30DF1A951DC34A44009D7C53 /* Main.storyboard in Resources */ = {isa = PBXBuildFile; fileRef = 30DF1A931DC34A44009D7C53 /* Main.storyboard */; };
		30DF1A971DC34A44009D7C53 /* Assets.xcassets in Resources */ = {isa = PBXBuildFile; fileRef = 30DF1A961DC34A44009D7C53 /* Assets.xcassets */; };
		30DF1A9A1DC34A44009D7C53 /* LaunchScreen.storyboard in Resources */ = {isa = PBXBuildFile; fileRef = 30DF1A981DC34A44009D7C53 /* LaunchScreen.storyboard */; };
/* End PBXBuildFile section */

/* Begin PBXFileReference section */
		30DF1A871DC34A44009D7C53 /* BasicArchitecture.app */ = {isa = PBXFileReference; explicitFileType = wrapper.application; includeInIndex = 0; path = BasicArchitecture.app; sourceTree = BUILT_PRODUCTS_DIR; };
		30DF1A8B1DC34A44009D7C53 /* main.m */ = {isa = PBXFileReference; lastKnownFileType = sourcecode.c.objc; path = main.m; sourceTree = "<group>"; };
		30DF1A8D1DC34A44009D7C53 /* AppDelegate.h */ = {isa = PBXFileReference; lastKnownFileType = sourcecode.c.h; path = AppDelegate.h; sourceTree = "<group>"; };
		30DF1A8E1DC34A44009D7C53 /* AppDelegate.m */ = {isa = PBXFileReference; lastKnownFileType = sourcecode.c.objc; path = AppDelegate.m; sourceTree = "<group>"; };
		30DF1A901DC34A44009D7C53 /* ViewController.h */ = {isa = PBXFileReference; lastKnownFileType = sourcecode.c.h; path = ViewController.h; sourceTree = "<group>"; };
		30DF1A911DC34A44009D7C53 /* ViewController.m */ = {isa = PBXFileReference; lastKnownFileType = sourcecode.c.objc; path = ViewController.m; sourceTree = "<group>"; };
		30DF1A941DC34A44009D7C53 /* Base */ = {isa = PBXFileReference; lastKnownFileType = file.storyboard; name = Base; path = Base.lproj/Main.storyboard; sourceTree = "<group>"; };
		30DF1A961DC34A44009D7C53 /* Assets.xcassets */ = {isa = PBXFileReference; lastKnownFileType = folder.assetcatalog; path = Assets.xcassets; sourceTree = "<group>"; };
		30DF1A991DC34A44009D7C53 /* Base */ = {isa = PBXFileReference; lastKnownFileType = file.storyboard; name = Base; path = Base.lproj/LaunchScreen.storyboard; sourceTree = "<group>"; };
		30DF1A9B1DC34A44009D7C53 /* Info.plist */ = {isa = PBXFileReference; lastKnownFileType = text.plist.xml; path = Info.plist; sourceTree = "<group>"; };
/* End PBXFileReference section */

/* Begin PBXFrameworksBuildPhase section */
		30DF1A841DC34A44009D7C53 /* Frameworks */ = {
			isa = PBXFrameworksBuildPhase;
			buildActionMask = 2147483647;
			files = (
			);
			runOnlyForDeploymentPostprocessing = 0;
		};
/* End PBXFrameworksBuildPhase section */

/* Begin PBXGroup section */
		30DF1A7E1DC34A44009D7C53 = {
			isa = PBXGroup;
			children = (
				30DF1A891DC34A44009D7C53 /* BasicArchitecture */,
				30DF1A881DC34A44009D7C53 /* Products */,
			);
			sourceTree = "<group>";
		};
		30DF1A881DC34A44009D7C53 /* Products */ = {
			isa = PBXGroup;
			children = (
				30DF1A871DC34A44009D7C53 /* BasicArchitecture.app */,
			);
			name = Products;
			sourceTree = "<group>";
		};
		30DF1A891DC34A44009D7C53 /* BasicArchitecture */ = {
			isa = PBXGroup;
			children = (
				30DF1A8D1DC34A44009D7C53 /* AppDelegate.h */,
				30DF1A8E1DC34A44009D7C53 /* AppDelegate.m */,
				30DF1A901DC34A44009D7C53 /* ViewController.h */,
				30DF1A911DC34A44009D7C53 /* ViewController.m */,
				30DF1A931DC34A44009D7C53 /* Main.storyboard */,
				30DF1A961DC34A44009D7C53 /* Assets.xcassets */,
				30DF1A981DC34A44009D7C53 /* LaunchScreen.storyboard */,
				30DF1A9B1DC34A44009D7C53 /* Info.plist */,
				30DF1A8A1DC34A44009D7C53 /* Supporting Files */,
			);
			path = BasicArchitecture;
			sourceTree = "<group>";
		};
		30DF1A8A1DC34A44009D7C53 /* Supporting Files */ = {
			isa = PBXGroup;
			children = (
				30DF1A8B1DC34A44009D7C53 /* main.m */,
			);
			name = "Supporting Files";
			sourceTree = "<group>";
		};
/* End PBXGroup section */

/* Begin PBXNativeTarget section */
		30DF1A861DC34A44009D7C53 /* BasicArchitecture */ = {
			isa = PBXNativeTarget;
			buildConfigurationList = 30DF1A9E1DC34A44009D7C53 /* Build configuration list for PBXNativeTarget "BasicArchitecture" */;
			buildPhases = (
				30DF1A831DC34A44009D7C53 /* Sources */,
				30DF1A841DC34A44009D7C53 /* Frameworks */,
				30DF1A851DC34A44009D7C53 /* Resources */,
			);
			buildRules = (
			);
			dependencies = (
			);
			name = BasicArchitecture;
			productName = BasicArchitecture;
			productReference = 30DF1A871DC34A44009D7C53 /* BasicArchitecture.app */;
			productType = "com.apple.product-type.application";
		};
/* End PBXNativeTarget section */

/* Begin PBXProject section */
		30DF1A7F1DC34A44009D7C53 /* Project object */ = {
			isa = PBXProject;
			attributes = {
				LastUpgradeCheck = 0810;
				ORGANIZATIONNAME = "周君";
				TargetAttributes = {
					30DF1A861DC34A44009D7C53 = {
						CreatedOnToolsVersion = 8.1;
						ProvisioningStyle = Automatic;
					};
				};
			};
			buildConfigurationList = 30DF1A821DC34A44009D7C53 /* Build configuration list for PBXProject "BasicArchitecture" */;
			compatibilityVersion = "Xcode 3.2";
			developmentRegion = English;
			hasScannedForEncodings = 0;
			knownRegions = (
				en,
				Base,
			);
			mainGroup = 30DF1A7E1DC34A44009D7C53;
			productRefGroup = 30DF1A881DC34A44009D7C53 /* Products */;
			projectDirPath = "";
			projectRoot = "";
			targets = (
				30DF1A861DC34A44009D7C53 /* BasicArchitecture */,
			);
		};
/* End PBXProject section */

/* Begin PBXResourcesBuildPhase section */
		30DF1A851DC34A44009D7C53 /* Resources */ = {
			isa = PBXResourcesBuildPhase;
			buildActionMask = 2147483647;
			files = (
				30DF1A9A1DC34A44009D7C53 /* LaunchScreen.storyboard in Resources */,
				30DF1A971DC34A44009D7C53 /* Assets.xcassets in Resources */,
				30DF1A951DC34A44009D7C53 /* Main.storyboard in Resources */,
			);
			runOnlyForDeploymentPostprocessing = 0;
		};
/* End PBXResourcesBuildPhase section */

/* Begin PBXSourcesBuildPhase section */
		30DF1A831DC34A44009D7C53 /* Sources */ = {
			isa = PBXSourcesBuildPhase;
			buildActionMask = 2147483647;
			files = (
				30DF1A921DC34A44009D7C53 /* ViewController.m in Sources */,
				30DF1A8F1DC34A44009D7C53 /* AppDelegate.m in Sources */,
				30DF1A8C1DC34A44009D7C53 /* main.m in Sources */,
			);
			runOnlyForDeploymentPostprocessing = 0;
		};
/* End PBXSourcesBuildPhase section */

/* Begin PBXVariantGroup section */
		30DF1A931DC34A44009D7C53 /* Main.storyboard */ = {
			isa = PBXVariantGroup;
			children = (
				30DF1A941DC34A44009D7C53 /* Base */,
			);
			name = Main.storyboard;
			sourceTree = "<group>";
		};
		30DF1A981DC34A44009D7C53 /* LaunchScreen.storyboard */ = {
			isa = PBXVariantGroup;
			children = (
				30DF1A991DC34A44009D7C53 /* Base */,
			);
			name = LaunchScreen.storyboard;
			sourceTree = "<group>";
		};
/* End PBXVariantGroup section */

/* Begin XCBuildConfiguration section */
		30DF1A9C1DC34A44009D7C53 /* Debug */ = {
			isa = XCBuildConfiguration;
			buildSettings = {
				ALWAYS_SEARCH_USER_PATHS = NO;
				CLANG_ANALYZER_NONNULL = YES;
				CLANG_CXX_LANGUAGE_STANDARD = "gnu++0x";
				CLANG_CXX_LIBRARY = "libc++";
				CLANG_ENABLE_MODULES = YES;
				CLANG_ENABLE_OBJC_ARC = YES;
				CLANG_WARN_BOOL_CONVERSION = YES;
				CLANG_WARN_CONSTANT_CONVERSION = YES;
				CLANG_WARN_DIRECT_OBJC_ISA_USAGE = YES_ERROR;
				CLANG_WARN_DOCUMENTATION_COMMENTS = YES;
				CLANG_WARN_EMPTY_BODY = YES;
				CLANG_WARN_ENUM_CONVERSION = YES;
				CLANG_WARN_INFINITE_RECURSION = YES;
				CLANG_WARN_INT_CONVERSION = YES;
				CLANG_WARN_OBJC_ROOT_CLASS = YES_ERROR;
				CLANG_WARN_SUSPICIOUS_MOVES = YES;
				CLANG_WARN_UNREACHABLE_CODE = YES;
				CLANG_WARN__DUPLICATE_METHOD_MATCH = YES;
				"CODE_SIGN_IDENTITY[sdk=iphoneos*]" = "iPhone Developer";
				COPY_PHASE_STRIP = NO;
				DEBUG_INFORMATION_FORMAT = dwarf;
				ENABLE_STRICT_OBJC_MSGSEND = YES;
				ENABLE_TESTABILITY = YES;
				GCC_C_LANGUAGE_STANDARD = gnu99;
				GCC_DYNAMIC_NO_PIC = NO;
				GCC_NO_COMMON_BLOCKS = YES;
				GCC_OPTIMIZATION_LEVEL = 0;
				GCC_PREPROCESSOR_DEFINITIONS = (
					"DEBUG=1",
					"$(inherited)",
				);
				GCC_WARN_64_TO_32_BIT_CONVERSION = YES;
				GCC_WARN_ABOUT_RETURN_TYPE = YES_ERROR;
				GCC_WARN_UNDECLARED_SELECTOR = YES;
				GCC_WARN_UNINITIALIZED_AUTOS = YES_AGGRESSIVE;
				GCC_WARN_UNUSED_FUNCTION = YES;
				GCC_WARN_UNUSED_VARIABLE = YES;
				IPHONEOS_DEPLOYMENT_TARGET = 10.1;
				MTL_ENABLE_DEBUG_INFO = YES;
				ONLY_ACTIVE_ARCH = YES;
				SDKROOT = iphoneos;
			};
			name = Debug;
		};
		30DF1A9D1DC34A44009D7C53 /* Release */ = {
			isa = XCBuildConfiguration;
			buildSettings = {
				ALWAYS_SEARCH_USER_PATHS = NO;
				CLANG_ANALYZER_NONNULL = YES;
				CLANG_CXX_LANGUAGE_STANDARD = "gnu++0x";
				CLANG_CXX_LIBRARY = "libc++";
				CLANG_ENABLE_MODULES = YES;
				CLANG_ENABLE_OBJC_ARC = YES;
				CLANG_WARN_BOOL_CONVERSION = YES;
				CLANG_WARN_CONSTANT_CONVERSION = YES;
				CLANG_WARN_DIRECT_OBJC_ISA_USAGE = YES_ERROR;
				CLANG_WARN_DOCUMENTATION_COMMENTS = YES;
				CLANG_WARN_EMPTY_BODY = YES;
				CLANG_WARN_ENUM_CONVERSION = YES;
				CLANG_WARN_INFINITE_RECURSION = YES;
				CLANG_WARN_INT_CONVERSION = YES;
				CLANG_WARN_OBJC_ROOT_CLASS = YES_ERROR;
				CLANG_WARN_SUSPICIOUS_MOVES = YES;
				CLANG_WARN_UNREACHABLE_CODE = YES;
				CLANG_WARN__DUPLICATE_METHOD_MATCH = YES;
				"CODE_SIGN_IDENTITY[sdk=iphoneos*]" = "iPhone Developer";
				COPY_PHASE_STRIP = NO;
				DEBUG_INFORMATION_FORMAT = "dwarf-with-dsym";
				ENABLE_NS_ASSERTIONS = NO;
				ENABLE_STRICT_OBJC_MSGSEND = YES;
				GCC_C_LANGUAGE_STANDARD = gnu99;
				GCC_NO_COMMON_BLOCKS = YES;
				GCC_WARN_64_TO_32_BIT_CONVERSION = YES;
				GCC_WARN_ABOUT_RETURN_TYPE = YES_ERROR;
				GCC_WARN_UNDECLARED_SELECTOR = YES;
				GCC_WARN_UNINITIALIZED_AUTOS = YES_AGGRESSIVE;
				GCC_WARN_UNUSED_FUNCTION = YES;
				GCC_WARN_UNUSED_VARIABLE = YES;
				IPHONEOS_DEPLOYMENT_TARGET = 10.1;
				MTL_ENABLE_DEBUG_INFO = NO;
				SDKROOT = iphoneos;
				VALIDATE_PRODUCT = YES;
			};
			name = Release;
		};
		30DF1A9F1DC34A44009D7C53 /* Debug */ = {
			isa = XCBuildConfiguration;
			buildSettings = {
				ASSETCATALOG_COMPILER_APPICON_NAME = AppIcon;
				INFOPLIST_FILE = BasicArchitecture/Info.plist;
				LD_RUNPATH_SEARCH_PATHS = "$(inherited) @executable_path/Frameworks";
				PRODUCT_BUNDLE_IDENTIFIER = com.zhoujun.BasicArchitecture;
				PRODUCT_NAME = "$(TARGET_NAME)";
			};
			name = Debug;
		};
		30DF1AA01DC34A44009D7C53 /* Release */ = {
			isa = XCBuildConfiguration;
			buildSettings = {
				ASSETCATALOG_COMPILER_APPICON_NAME = AppIcon;
				INFOPLIST_FILE = BasicArchitecture/Info.plist;
				LD_RUNPATH_SEARCH_PATHS = "$(inherited) @executable_path/Frameworks";
				PRODUCT_BUNDLE_IDENTIFIER = com.zhoujun.BasicArchitecture;
				PRODUCT_NAME = "$(TARGET_NAME)";
			};
			name = Release;
		};
/* End XCBuildConfiguration section */

/* Begin XCConfigurationList section */
		30DF1A821DC34A44009D7C53 /* Build configuration list for PBXProject "BasicArchitecture" */ = {
			isa = XCConfigurationList;
			buildConfigurations = (
				30DF1A9C1DC34A44009D7C53 /* Debug */,
				30DF1A9D1DC34A44009D7C53 /* Release */,
			);
			defaultConfigurationIsVisible = 0;
			defaultConfigurationName = Release;
		};
		30DF1A9E1DC34A44009D7C53 /* Build configuration list for PBXNativeTarget "BasicArchitecture" */ = {
			isa = XCConfigurationList;
			buildConfigurations = (
				30DF1A9F1DC34A44009D7C53 /* Debug */,
				30DF1AA01DC34A44009D7C53 /* Release */,
			);
			defaultConfigurationIsVisible = 0;
		};
/* End XCConfigurationList section */
	};
	rootObject = 30DF1A7F1DC34A44009D7C53 /* Project object */;
}
