// !$*UTF8*$!
{
	archiveVersion = 1;
	classes = {
	};
	objectVersion = 46;
	objects = {

/* Begin PBXBuildFile section */
		308918041DC452C100531911 /* ZJTabBarViewController.m in Sources */ = {isa = PBXBuildFile; fileRef = 308918031DC452C100531911 /* ZJTabBarViewController.m */; };
		30DF1A971DC34A44009D7C53 /* Assets.xcassets in Resources */ = {isa = PBXBuildFile; fileRef = 30DF1A961DC34A44009D7C53 /* Assets.xcassets */; };
		30DF1A9A1DC34A44009D7C53 /* LaunchScreen.storyboard in Resources */ = {isa = PBXBuildFile; fileRef = 30DF1A981DC34A44009D7C53 /* LaunchScreen.storyboard */; };
		30DF1ABE1DC34CC0009D7C53 /* AppDelegate.m in Sources */ = {isa = PBXBuildFile; fileRef = 30DF1AB81DC34CC0009D7C53 /* AppDelegate.m */; };
		30DF1AC01DC34CC0009D7C53 /* main.m in Sources */ = {isa = PBXBuildFile; fileRef = 30DF1ABA1DC34CC0009D7C53 /* main.m */; };
		30DF1AC31DC3506D009D7C53 /* ZJNavigationViewController.m in Sources */ = {isa = PBXBuildFile; fileRef = 30DF1AC21DC3506D009D7C53 /* ZJNavigationViewController.m */; };
		30DF1AD01DC35215009D7C53 /* AFOwnerHTTPSessionManager.m in Sources */ = {isa = PBXBuildFile; fileRef = 30DF1AC61DC35215009D7C53 /* AFOwnerHTTPSessionManager.m */; };
		30DF1AD21DC35215009D7C53 /* ToolsObject.m in Sources */ = {isa = PBXBuildFile; fileRef = 30DF1ACA1DC35215009D7C53 /* ToolsObject.m */; };
		30DF1AD31DC35215009D7C53 /* NSObject+AssingeToObject.m in Sources */ = {isa = PBXBuildFile; fileRef = 30DF1ACD1DC35215009D7C53 /* NSObject+AssingeToObject.m */; };
		30DF1AD41DC35215009D7C53 /* Foundation+Log.m in Sources */ = {isa = PBXBuildFile; fileRef = 30DF1ACF1DC35215009D7C53 /* Foundation+Log.m */; };
		30DF1ADC1DC3541B009D7C53 /* AssignToObject.m in Sources */ = {isa = PBXBuildFile; fileRef = 30DF1AD91DC3541B009D7C53 /* AssignToObject.m */; };
		30DF1ADD1DC3541B009D7C53 /* GetDataBase.m in Sources */ = {isa = PBXBuildFile; fileRef = 30DF1ADB1DC3541B009D7C53 /* GetDataBase.m */; };
		30DF1B6F1DC35425009D7C53 /* MJRefreshAutoFooter.m in Sources */ = {isa = PBXBuildFile; fileRef = 30DF1B091DC35425009D7C53 /* MJRefreshAutoFooter.m */; };
		30DF1B701DC35425009D7C53 /* MJRefreshBackFooter.m in Sources */ = {isa = PBXBuildFile; fileRef = 30DF1B0B1DC35425009D7C53 /* MJRefreshBackFooter.m */; };
		30DF1B711DC35425009D7C53 /* MJRefreshComponent.m in Sources */ = {isa = PBXBuildFile; fileRef = 30DF1B0D1DC35425009D7C53 /* MJRefreshComponent.m */; };
		30DF1B721DC35425009D7C53 /* MJRefreshFooter.m in Sources */ = {isa = PBXBuildFile; fileRef = 30DF1B0F1DC35425009D7C53 /* MJRefreshFooter.m */; };
		30DF1B731DC35425009D7C53 /* MJRefreshHeader.m in Sources */ = {isa = PBXBuildFile; fileRef = 30DF1B111DC35425009D7C53 /* MJRefreshHeader.m */; };
		30DF1B741DC35425009D7C53 /* MJRefreshAutoGifFooter.m in Sources */ = {isa = PBXBuildFile; fileRef = 30DF1B161DC35425009D7C53 /* MJRefreshAutoGifFooter.m */; };
		30DF1B751DC35425009D7C53 /* MJRefreshAutoNormalFooter.m in Sources */ = {isa = PBXBuildFile; fileRef = 30DF1B181DC35425009D7C53 /* MJRefreshAutoNormalFooter.m */; };
		30DF1B761DC35425009D7C53 /* MJRefreshAutoStateFooter.m in Sources */ = {isa = PBXBuildFile; fileRef = 30DF1B1A1DC35425009D7C53 /* MJRefreshAutoStateFooter.m */; };
		30DF1B771DC35425009D7C53 /* MJRefreshBackGifFooter.m in Sources */ = {isa = PBXBuildFile; fileRef = 30DF1B1D1DC35425009D7C53 /* MJRefreshBackGifFooter.m */; };
		30DF1B781DC35425009D7C53 /* MJRefreshBackNormalFooter.m in Sources */ = {isa = PBXBuildFile; fileRef = 30DF1B1F1DC35425009D7C53 /* MJRefreshBackNormalFooter.m */; };
		30DF1B791DC35425009D7C53 /* MJRefreshBackStateFooter.m in Sources */ = {isa = PBXBuildFile; fileRef = 30DF1B211DC35425009D7C53 /* MJRefreshBackStateFooter.m */; };
		30DF1B7A1DC35425009D7C53 /* MJRefreshGifHeader.m in Sources */ = {isa = PBXBuildFile; fileRef = 30DF1B241DC35425009D7C53 /* MJRefreshGifHeader.m */; };
		30DF1B7B1DC35425009D7C53 /* MJRefreshNormalHeader.m in Sources */ = {isa = PBXBuildFile; fileRef = 30DF1B261DC35425009D7C53 /* MJRefreshNormalHeader.m */; };
		30DF1B7C1DC35425009D7C53 /* MJRefreshStateHeader.m in Sources */ = {isa = PBXBuildFile; fileRef = 30DF1B281DC35425009D7C53 /* MJRefreshStateHeader.m */; };
		30DF1B7D1DC35425009D7C53 /* MJRefresh.bundle in Resources */ = {isa = PBXBuildFile; fileRef = 30DF1B291DC35425009D7C53 /* MJRefresh.bundle */; };
		30DF1B7E1DC35425009D7C53 /* MJRefreshConst.m in Sources */ = {isa = PBXBuildFile; fileRef = 30DF1B2C1DC35425009D7C53 /* MJRefreshConst.m */; };
		30DF1B7F1DC35425009D7C53 /* NSBundle+MJRefresh.m in Sources */ = {isa = PBXBuildFile; fileRef = 30DF1B2E1DC35425009D7C53 /* NSBundle+MJRefresh.m */; };
		30DF1B801DC35425009D7C53 /* UIScrollView+MJExtension.m in Sources */ = {isa = PBXBuildFile; fileRef = 30DF1B301DC35425009D7C53 /* UIScrollView+MJExtension.m */; };
		30DF1B811DC35425009D7C53 /* UIScrollView+MJRefresh.m in Sources */ = {isa = PBXBuildFile; fileRef = 30DF1B321DC35425009D7C53 /* UIScrollView+MJRefresh.m */; };
		30DF1B821DC35425009D7C53 /* UIView+MJExtension.m in Sources */ = {isa = PBXBuildFile; fileRef = 30DF1B341DC35425009D7C53 /* UIView+MJExtension.m */; };
		30DF1B831DC35425009D7C53 /* TAAbstractDotView.m in Sources */ = {isa = PBXBuildFile; fileRef = 30DF1B381DC35425009D7C53 /* TAAbstractDotView.m */; };
		30DF1B841DC35425009D7C53 /* TAAnimatedDotView.m in Sources */ = {isa = PBXBuildFile; fileRef = 30DF1B3A1DC35425009D7C53 /* TAAnimatedDotView.m */; };
		30DF1B851DC35425009D7C53 /* TADotView.m in Sources */ = {isa = PBXBuildFile; fileRef = 30DF1B3C1DC35425009D7C53 /* TADotView.m */; };
		30DF1B861DC35425009D7C53 /* TAPageControl.m in Sources */ = {isa = PBXBuildFile; fileRef = 30DF1B3E1DC35425009D7C53 /* TAPageControl.m */; };
		30DF1B871DC35425009D7C53 /* SDCollectionViewCell.m in Sources */ = {isa = PBXBuildFile; fileRef = 30DF1B401DC35425009D7C53 /* SDCollectionViewCell.m */; };
		30DF1B881DC35425009D7C53 /* SDCycleScrollView.m in Sources */ = {isa = PBXBuildFile; fileRef = 30DF1B421DC35425009D7C53 /* SDCycleScrollView.m */; };
		30DF1B891DC35425009D7C53 /* UIView+SDExtension.m in Sources */ = {isa = PBXBuildFile; fileRef = 30DF1B441DC35425009D7C53 /* UIView+SDExtension.m */; };
		30DF1B8D1DC35425009D7C53 /* ASValuePopUpView.m in Sources */ = {isa = PBXBuildFile; fileRef = 30DF1B4E1DC35425009D7C53 /* ASValuePopUpView.m */; };
		30DF1B8E1DC35425009D7C53 /* ASValueTrackingSlider.m in Sources */ = {isa = PBXBuildFile; fileRef = 30DF1B501DC35425009D7C53 /* ASValueTrackingSlider.m */; };
		30DF1B921DC35425009D7C53 /* ZFBrightnessView.m in Sources */ = {isa = PBXBuildFile; fileRef = 30DF1B591DC35425009D7C53 /* ZFBrightnessView.m */; };
		30DF1B931DC35425009D7C53 /* ZFPlayer.bundle in Resources */ = {isa = PBXBuildFile; fileRef = 30DF1B5A1DC35425009D7C53 /* ZFPlayer.bundle */; };
		30DF1B941DC35425009D7C53 /* ZFPlayerControlView.m in Sources */ = {isa = PBXBuildFile; fileRef = 30DF1B5D1DC35425009D7C53 /* ZFPlayerControlView.m */; };
		30DF1B951DC35425009D7C53 /* ZFPlayerView.m in Sources */ = {isa = PBXBuildFile; fileRef = 30DF1B5F1DC35425009D7C53 /* ZFPlayerView.m */; };
		381376191ED2E65700ADE73C /* ZJBaseViewController.m in Sources */ = {isa = PBXBuildFile; fileRef = 381376181ED2E65700ADE73C /* ZJBaseViewController.m */; };
		3813761E1ED2E68B00ADE73C /* ZJHomePageViewController.m in Sources */ = {isa = PBXBuildFile; fileRef = 3813761D1ED2E68B00ADE73C /* ZJHomePageViewController.m */; };
		381376231ED2E69400ADE73C /* ZJAddressBookViewController.m in Sources */ = {isa = PBXBuildFile; fileRef = 381376221ED2E69400ADE73C /* ZJAddressBookViewController.m */; };
		381376281ED2E6A000ADE73C /* ZJSetViewController.m in Sources */ = {isa = PBXBuildFile; fileRef = 381376271ED2E6A000ADE73C /* ZJSetViewController.m */; };
		3813762B1ED2E71400ADE73C /* UIView+ZJ.m in Sources */ = {isa = PBXBuildFile; fileRef = 3813762A1ED2E71400ADE73C /* UIView+ZJ.m */; };
		381376321ED2E78B00ADE73C /* BZTDateView.m in Sources */ = {isa = PBXBuildFile; fileRef = 3813762E1ED2E78B00ADE73C /* BZTDateView.m */; };
		381376331ED2E78B00ADE73C /* BZTSeletPhotosAleterSheet.m in Sources */ = {isa = PBXBuildFile; fileRef = 381376311ED2E78B00ADE73C /* BZTSeletPhotosAleterSheet.m */; };
		382844271ED2DE1D007BD5A6 /* BasicArchitectureGlobalConstants.m in Sources */ = {isa = PBXBuildFile; fileRef = 382844261ED2DE1D007BD5A6 /* BasicArchitectureGlobalConstants.m */; };
		382844501ED2E05E007BD5A6 /* MBProgressHUD.m in Sources */ = {isa = PBXBuildFile; fileRef = 3828442A1ED2E05E007BD5A6 /* MBProgressHUD.m */; };
		382844511ED2E05E007BD5A6 /* MJExtensionConst.m in Sources */ = {isa = PBXBuildFile; fileRef = 3828442E1ED2E05E007BD5A6 /* MJExtensionConst.m */; };
		382844521ED2E05E007BD5A6 /* MJFoundation.m in Sources */ = {isa = PBXBuildFile; fileRef = 382844301ED2E05E007BD5A6 /* MJFoundation.m */; };
		382844531ED2E05E007BD5A6 /* MJProperty.m in Sources */ = {isa = PBXBuildFile; fileRef = 382844321ED2E05E007BD5A6 /* MJProperty.m */; };
		382844541ED2E05E007BD5A6 /* MJPropertyKey.m in Sources */ = {isa = PBXBuildFile; fileRef = 382844341ED2E05E007BD5A6 /* MJPropertyKey.m */; };
		382844551ED2E05E007BD5A6 /* MJPropertyType.m in Sources */ = {isa = PBXBuildFile; fileRef = 382844361ED2E05E007BD5A6 /* MJPropertyType.m */; };
		382844561ED2E05E007BD5A6 /* NSObject+MJClass.m in Sources */ = {isa = PBXBuildFile; fileRef = 382844381ED2E05E007BD5A6 /* NSObject+MJClass.m */; };
		382844571ED2E05E007BD5A6 /* NSObject+MJCoding.m in Sources */ = {isa = PBXBuildFile; fileRef = 3828443A1ED2E05E007BD5A6 /* NSObject+MJCoding.m */; };
		382844581ED2E05E007BD5A6 /* NSObject+MJKeyValue.m in Sources */ = {isa = PBXBuildFile; fileRef = 3828443C1ED2E05E007BD5A6 /* NSObject+MJKeyValue.m */; };
		382844591ED2E05E007BD5A6 /* NSObject+MJProperty.m in Sources */ = {isa = PBXBuildFile; fileRef = 3828443E1ED2E05E007BD5A6 /* NSObject+MJProperty.m */; };
		3828445A1ED2E05E007BD5A6 /* NSString+MJExtension.m in Sources */ = {isa = PBXBuildFile; fileRef = 382844401ED2E05E007BD5A6 /* NSString+MJExtension.m */; };
		3828445B1ED2E05E007BD5A6 /* MMAlertView.m in Sources */ = {isa = PBXBuildFile; fileRef = 382844431ED2E05E007BD5A6 /* MMAlertView.m */; };
		3828445C1ED2E05E007BD5A6 /* MMPopupCategory.m in Sources */ = {isa = PBXBuildFile; fileRef = 382844461ED2E05E007BD5A6 /* MMPopupCategory.m */; };
		3828445D1ED2E05E007BD5A6 /* MMPopupItem.m in Sources */ = {isa = PBXBuildFile; fileRef = 382844491ED2E05E007BD5A6 /* MMPopupItem.m */; };
		3828445E1ED2E05F007BD5A6 /* MMPopupView.m in Sources */ = {isa = PBXBuildFile; fileRef = 3828444B1ED2E05E007BD5A6 /* MMPopupView.m */; };
		3828445F1ED2E05F007BD5A6 /* MMPopupWindow.m in Sources */ = {isa = PBXBuildFile; fileRef = 3828444D1ED2E05E007BD5A6 /* MMPopupWindow.m */; };
		382844601ED2E05F007BD5A6 /* MMSheetView.m in Sources */ = {isa = PBXBuildFile; fileRef = 3828444F1ED2E05E007BD5A6 /* MMSheetView.m */; };
		382844681ED2E0C7007BD5A6 /* UINavigationController+ZFPlayerRotation.m in Sources */ = {isa = PBXBuildFile; fileRef = 382844631ED2E0C7007BD5A6 /* UINavigationController+ZFPlayerRotation.m */; };
		382844691ED2E0C7007BD5A6 /* UITabBarController+ZFPlayerRotation.m in Sources */ = {isa = PBXBuildFile; fileRef = 382844651ED2E0C7007BD5A6 /* UITabBarController+ZFPlayerRotation.m */; };
		3828446A1ED2E0C7007BD5A6 /* UIViewController+ZFPlayerRotation.m in Sources */ = {isa = PBXBuildFile; fileRef = 382844671ED2E0C7007BD5A6 /* UIViewController+ZFPlayerRotation.m */; };
		3828446F1ED2E162007BD5A6 /* NSObject+ZJ.m in Sources */ = {isa = PBXBuildFile; fileRef = 3828446C1ED2E162007BD5A6 /* NSObject+ZJ.m */; };
		382844701ED2E162007BD5A6 /* UIImage+ZJ.m in Sources */ = {isa = PBXBuildFile; fileRef = 3828446E1ED2E162007BD5A6 /* UIImage+ZJ.m */; };
		382844731ED2E1B9007BD5A6 /* UIButton+BasicArchitecture.m in Sources */ = {isa = PBXBuildFile; fileRef = 382844721ED2E1B9007BD5A6 /* UIButton+BasicArchitecture.m */; };
		3865E7EC1ED81B72001F03E1 /* ZJLoginViewController.m in Sources */ = {isa = PBXBuildFile; fileRef = 3865E7EB1ED81B72001F03E1 /* ZJLoginViewController.m */; };
		3865E7F11ED821E6001F03E1 /* ZJloginTextField.m in Sources */ = {isa = PBXBuildFile; fileRef = 3865E7F01ED821E6001F03E1 /* ZJloginTextField.m */; };
		38FF57BB1ED82550000244BC /* ZJLoginView.m in Sources */ = {isa = PBXBuildFile; fileRef = 38FF57BA1ED82550000244BC /* ZJLoginView.m */; };
		9414B38FECC983ED5CC74262 /* libPods-BasicArchitecture.a in Frameworks */ = {isa = PBXBuildFile; fileRef = 574BEEC2ECBAC89AFF697AF7 /* libPods-BasicArchitecture.a */; };
/* End PBXBuildFile section */

/* Begin PBXFileReference section */
		308918021DC452C100531911 /* ZJTabBarViewController.h */ = {isa = PBXFileReference; fileEncoding = 4; lastKnownFileType = sourcecode.c.h; path = ZJTabBarViewController.h; sourceTree = "<group>"; };
		308918031DC452C100531911 /* ZJTabBarViewController.m */ = {isa = PBXFileReference; fileEncoding = 4; lastKnownFileType = sourcecode.c.objc; path = ZJTabBarViewController.m; sourceTree = "<group>"; };
		30DF1A871DC34A44009D7C53 /* BasicArchitecture.app */ = {isa = PBXFileReference; explicitFileType = wrapper.application; includeInIndex = 0; path = BasicArchitecture.app; sourceTree = BUILT_PRODUCTS_DIR; };
		30DF1A961DC34A44009D7C53 /* Assets.xcassets */ = {isa = PBXFileReference; lastKnownFileType = folder.assetcatalog; path = Assets.xcassets; sourceTree = "<group>"; };
		30DF1A991DC34A44009D7C53 /* Base */ = {isa = PBXFileReference; lastKnownFileType = file.storyboard; name = Base; path = Base.lproj/LaunchScreen.storyboard; sourceTree = "<group>"; };
		30DF1AB71DC34CC0009D7C53 /* AppDelegate.h */ = {isa = PBXFileReference; fileEncoding = 4; lastKnownFileType = sourcecode.c.h; path = AppDelegate.h; sourceTree = "<group>"; };
		30DF1AB81DC34CC0009D7C53 /* AppDelegate.m */ = {isa = PBXFileReference; fileEncoding = 4; lastKnownFileType = sourcecode.c.objc; path = AppDelegate.m; sourceTree = "<group>"; };
		30DF1AB91DC34CC0009D7C53 /* Info.plist */ = {isa = PBXFileReference; fileEncoding = 4; lastKnownFileType = text.plist.xml; path = Info.plist; sourceTree = "<group>"; };
		30DF1ABA1DC34CC0009D7C53 /* main.m */ = {isa = PBXFileReference; fileEncoding = 4; lastKnownFileType = sourcecode.c.objc; path = main.m; sourceTree = "<group>"; };
		30DF1AC11DC3506D009D7C53 /* ZJNavigationViewController.h */ = {isa = PBXFileReference; fileEncoding = 4; lastKnownFileType = sourcecode.c.h; path = ZJNavigationViewController.h; sourceTree = "<group>"; };
		30DF1AC21DC3506D009D7C53 /* ZJNavigationViewController.m */ = {isa = PBXFileReference; fileEncoding = 4; lastKnownFileType = sourcecode.c.objc; path = ZJNavigationViewController.m; sourceTree = "<group>"; };
		30DF1AC51DC35215009D7C53 /* AFOwnerHTTPSessionManager.h */ = {isa = PBXFileReference; fileEncoding = 4; lastKnownFileType = sourcecode.c.h; path = AFOwnerHTTPSessionManager.h; sourceTree = "<group>"; };
		30DF1AC61DC35215009D7C53 /* AFOwnerHTTPSessionManager.m */ = {isa = PBXFileReference; fileEncoding = 4; lastKnownFileType = sourcecode.c.objc; path = AFOwnerHTTPSessionManager.m; sourceTree = "<group>"; };
		30DF1AC91DC35215009D7C53 /* ToolsObject.h */ = {isa = PBXFileReference; fileEncoding = 4; lastKnownFileType = sourcecode.c.h; path = ToolsObject.h; sourceTree = "<group>"; };
		30DF1ACA1DC35215009D7C53 /* ToolsObject.m */ = {isa = PBXFileReference; fileEncoding = 4; lastKnownFileType = sourcecode.c.objc; path = ToolsObject.m; sourceTree = "<group>"; };
		30DF1ACC1DC35215009D7C53 /* NSObject+AssingeToObject.h */ = {isa = PBXFileReference; fileEncoding = 4; lastKnownFileType = sourcecode.c.h; path = "NSObject+AssingeToObject.h"; sourceTree = "<group>"; };
		30DF1ACD1DC35215009D7C53 /* NSObject+AssingeToObject.m */ = {isa = PBXFileReference; fileEncoding = 4; lastKnownFileType = sourcecode.c.objc; path = "NSObject+AssingeToObject.m"; sourceTree = "<group>"; };
		30DF1ACF1DC35215009D7C53 /* Foundation+Log.m */ = {isa = PBXFileReference; fileEncoding = 4; lastKnownFileType = sourcecode.c.objc; path = "Foundation+Log.m"; sourceTree = "<group>"; };
		30DF1AD51DC3523C009D7C53 /* BasicArchitecture.pch */ = {isa = PBXFileReference; lastKnownFileType = sourcecode.c.h; path = BasicArchitecture.pch; sourceTree = "<group>"; };
		30DF1AD61DC3527A009D7C53 /* ZJGlobalDefine.h */ = {isa = PBXFileReference; fileEncoding = 4; lastKnownFileType = sourcecode.c.h; path = ZJGlobalDefine.h; sourceTree = "<group>"; };
		30DF1AD81DC3541B009D7C53 /* AssignToObject.h */ = {isa = PBXFileReference; fileEncoding = 4; lastKnownFileType = sourcecode.c.h; path = AssignToObject.h; sourceTree = "<group>"; };
		30DF1AD91DC3541B009D7C53 /* AssignToObject.m */ = {isa = PBXFileReference; fileEncoding = 4; lastKnownFileType = sourcecode.c.objc; path = AssignToObject.m; sourceTree = "<group>"; };
		30DF1ADA1DC3541B009D7C53 /* GetDataBase.h */ = {isa = PBXFileReference; fileEncoding = 4; lastKnownFileType = sourcecode.c.h; path = GetDataBase.h; sourceTree = "<group>"; };
		30DF1ADB1DC3541B009D7C53 /* GetDataBase.m */ = {isa = PBXFileReference; fileEncoding = 4; lastKnownFileType = sourcecode.c.objc; path = GetDataBase.m; sourceTree = "<group>"; };
		30DF1B081DC35425009D7C53 /* MJRefreshAutoFooter.h */ = {isa = PBXFileReference; fileEncoding = 4; lastKnownFileType = sourcecode.c.h; path = MJRefreshAutoFooter.h; sourceTree = "<group>"; };
		30DF1B091DC35425009D7C53 /* MJRefreshAutoFooter.m */ = {isa = PBXFileReference; fileEncoding = 4; lastKnownFileType = sourcecode.c.objc; path = MJRefreshAutoFooter.m; sourceTree = "<group>"; };
		30DF1B0A1DC35425009D7C53 /* MJRefreshBackFooter.h */ = {isa = PBXFileReference; fileEncoding = 4; lastKnownFileType = sourcecode.c.h; path = MJRefreshBackFooter.h; sourceTree = "<group>"; };
		30DF1B0B1DC35425009D7C53 /* MJRefreshBackFooter.m */ = {isa = PBXFileReference; fileEncoding = 4; lastKnownFileType = sourcecode.c.objc; path = MJRefreshBackFooter.m; sourceTree = "<group>"; };
		30DF1B0C1DC35425009D7C53 /* MJRefreshComponent.h */ = {isa = PBXFileReference; fileEncoding = 4; lastKnownFileType = sourcecode.c.h; path = MJRefreshComponent.h; sourceTree = "<group>"; };
		30DF1B0D1DC35425009D7C53 /* MJRefreshComponent.m */ = {isa = PBXFileReference; fileEncoding = 4; lastKnownFileType = sourcecode.c.objc; path = MJRefreshComponent.m; sourceTree = "<group>"; };
		30DF1B0E1DC35425009D7C53 /* MJRefreshFooter.h */ = {isa = PBXFileReference; fileEncoding = 4; lastKnownFileType = sourcecode.c.h; path = MJRefreshFooter.h; sourceTree = "<group>"; };
		30DF1B0F1DC35425009D7C53 /* MJRefreshFooter.m */ = {isa = PBXFileReference; fileEncoding = 4; lastKnownFileType = sourcecode.c.objc; path = MJRefreshFooter.m; sourceTree = "<group>"; };
		30DF1B101DC35425009D7C53 /* MJRefreshHeader.h */ = {isa = PBXFileReference; fileEncoding = 4; lastKnownFileType = sourcecode.c.h; path = MJRefreshHeader.h; sourceTree = "<group>"; };
		30DF1B111DC35425009D7C53 /* MJRefreshHeader.m */ = {isa = PBXFileReference; fileEncoding = 4; lastKnownFileType = sourcecode.c.objc; path = MJRefreshHeader.m; sourceTree = "<group>"; };
		30DF1B151DC35425009D7C53 /* MJRefreshAutoGifFooter.h */ = {isa = PBXFileReference; fileEncoding = 4; lastKnownFileType = sourcecode.c.h; path = MJRefreshAutoGifFooter.h; sourceTree = "<group>"; };
		30DF1B161DC35425009D7C53 /* MJRefreshAutoGifFooter.m */ = {isa = PBXFileReference; fileEncoding = 4; lastKnownFileType = sourcecode.c.objc; path = MJRefreshAutoGifFooter.m; sourceTree = "<group>"; };
		30DF1B171DC35425009D7C53 /* MJRefreshAutoNormalFooter.h */ = {isa = PBXFileReference; fileEncoding = 4; lastKnownFileType = sourcecode.c.h; path = MJRefreshAutoNormalFooter.h; sourceTree = "<group>"; };
		30DF1B181DC35425009D7C53 /* MJRefreshAutoNormalFooter.m */ = {isa = PBXFileReference; fileEncoding = 4; lastKnownFileType = sourcecode.c.objc; path = MJRefreshAutoNormalFooter.m; sourceTree = "<group>"; };
		30DF1B191DC35425009D7C53 /* MJRefreshAutoStateFooter.h */ = {isa = PBXFileReference; fileEncoding = 4; lastKnownFileType = sourcecode.c.h; path = MJRefreshAutoStateFooter.h; sourceTree = "<group>"; };
		30DF1B1A1DC35425009D7C53 /* MJRefreshAutoStateFooter.m */ = {isa = PBXFileReference; fileEncoding = 4; lastKnownFileType = sourcecode.c.objc; path = MJRefreshAutoStateFooter.m; sourceTree = "<group>"; };
		30DF1B1C1DC35425009D7C53 /* MJRefreshBackGifFooter.h */ = {isa = PBXFileReference; fileEncoding = 4; lastKnownFileType = sourcecode.c.h; path = MJRefreshBackGifFooter.h; sourceTree = "<group>"; };
		30DF1B1D1DC35425009D7C53 /* MJRefreshBackGifFooter.m */ = {isa = PBXFileReference; fileEncoding = 4; lastKnownFileType = sourcecode.c.objc; path = MJRefreshBackGifFooter.m; sourceTree = "<group>"; };
		30DF1B1E1DC35425009D7C53 /* MJRefreshBackNormalFooter.h */ = {isa = PBXFileReference; fileEncoding = 4; lastKnownFileType = sourcecode.c.h; path = MJRefreshBackNormalFooter.h; sourceTree = "<group>"; };
		30DF1B1F1DC35425009D7C53 /* MJRefreshBackNormalFooter.m */ = {isa = PBXFileReference; fileEncoding = 4; lastKnownFileType = sourcecode.c.objc; path = MJRefreshBackNormalFooter.m; sourceTree = "<group>"; };
		30DF1B201DC35425009D7C53 /* MJRefreshBackStateFooter.h */ = {isa = PBXFileReference; fileEncoding = 4; lastKnownFileType = sourcecode.c.h; path = MJRefreshBackStateFooter.h; sourceTree = "<group>"; };
		30DF1B211DC35425009D7C53 /* MJRefreshBackStateFooter.m */ = {isa = PBXFileReference; fileEncoding = 4; lastKnownFileType = sourcecode.c.objc; path = MJRefreshBackStateFooter.m; sourceTree = "<group>"; };
		30DF1B231DC35425009D7C53 /* MJRefreshGifHeader.h */ = {isa = PBXFileReference; fileEncoding = 4; lastKnownFileType = sourcecode.c.h; path = MJRefreshGifHeader.h; sourceTree = "<group>"; };
		30DF1B241DC35425009D7C53 /* MJRefreshGifHeader.m */ = {isa = PBXFileReference; fileEncoding = 4; lastKnownFileType = sourcecode.c.objc; path = MJRefreshGifHeader.m; sourceTree = "<group>"; };
		30DF1B251DC35425009D7C53 /* MJRefreshNormalHeader.h */ = {isa = PBXFileReference; fileEncoding = 4; lastKnownFileType = sourcecode.c.h; path = MJRefreshNormalHeader.h; sourceTree = "<group>"; };
		30DF1B261DC35425009D7C53 /* MJRefreshNormalHeader.m */ = {isa = PBXFileReference; fileEncoding = 4; lastKnownFileType = sourcecode.c.objc; path = MJRefreshNormalHeader.m; sourceTree = "<group>"; };
		30DF1B271DC35425009D7C53 /* MJRefreshStateHeader.h */ = {isa = PBXFileReference; fileEncoding = 4; lastKnownFileType = sourcecode.c.h; path = MJRefreshStateHeader.h; sourceTree = "<group>"; };
		30DF1B281DC35425009D7C53 /* MJRefreshStateHeader.m */ = {isa = PBXFileReference; fileEncoding = 4; lastKnownFileType = sourcecode.c.objc; path = MJRefreshStateHeader.m; sourceTree = "<group>"; };
		30DF1B291DC35425009D7C53 /* MJRefresh.bundle */ = {isa = PBXFileReference; lastKnownFileType = "wrapper.plug-in"; path = MJRefresh.bundle; sourceTree = "<group>"; };
		30DF1B2A1DC35425009D7C53 /* MJRefresh.h */ = {isa = PBXFileReference; fileEncoding = 4; lastKnownFileType = sourcecode.c.h; path = MJRefresh.h; sourceTree = "<group>"; };
		30DF1B2B1DC35425009D7C53 /* MJRefreshConst.h */ = {isa = PBXFileReference; fileEncoding = 4; lastKnownFileType = sourcecode.c.h; path = MJRefreshConst.h; sourceTree = "<group>"; };
		30DF1B2C1DC35425009D7C53 /* MJRefreshConst.m */ = {isa = PBXFileReference; fileEncoding = 4; lastKnownFileType = sourcecode.c.objc; path = MJRefreshConst.m; sourceTree = "<group>"; };
		30DF1B2D1DC35425009D7C53 /* NSBundle+MJRefresh.h */ = {isa = PBXFileReference; fileEncoding = 4; lastKnownFileType = sourcecode.c.h; path = "NSBundle+MJRefresh.h"; sourceTree = "<group>"; };
		30DF1B2E1DC35425009D7C53 /* NSBundle+MJRefresh.m */ = {isa = PBXFileReference; fileEncoding = 4; lastKnownFileType = sourcecode.c.objc; path = "NSBundle+MJRefresh.m"; sourceTree = "<group>"; };
		30DF1B2F1DC35425009D7C53 /* UIScrollView+MJExtension.h */ = {isa = PBXFileReference; fileEncoding = 4; lastKnownFileType = sourcecode.c.h; path = "UIScrollView+MJExtension.h"; sourceTree = "<group>"; };
		30DF1B301DC35425009D7C53 /* UIScrollView+MJExtension.m */ = {isa = PBXFileReference; fileEncoding = 4; lastKnownFileType = sourcecode.c.objc; path = "UIScrollView+MJExtension.m"; sourceTree = "<group>"; };
		30DF1B311DC35425009D7C53 /* UIScrollView+MJRefresh.h */ = {isa = PBXFileReference; fileEncoding = 4; lastKnownFileType = sourcecode.c.h; path = "UIScrollView+MJRefresh.h"; sourceTree = "<group>"; };
		30DF1B321DC35425009D7C53 /* UIScrollView+MJRefresh.m */ = {isa = PBXFileReference; fileEncoding = 4; lastKnownFileType = sourcecode.c.objc; path = "UIScrollView+MJRefresh.m"; sourceTree = "<group>"; };
		30DF1B331DC35425009D7C53 /* UIView+MJExtension.h */ = {isa = PBXFileReference; fileEncoding = 4; lastKnownFileType = sourcecode.c.h; path = "UIView+MJExtension.h"; sourceTree = "<group>"; };
		30DF1B341DC35425009D7C53 /* UIView+MJExtension.m */ = {isa = PBXFileReference; fileEncoding = 4; lastKnownFileType = sourcecode.c.objc; path = "UIView+MJExtension.m"; sourceTree = "<group>"; };
		30DF1B371DC35425009D7C53 /* TAAbstractDotView.h */ = {isa = PBXFileReference; fileEncoding = 4; lastKnownFileType = sourcecode.c.h; path = TAAbstractDotView.h; sourceTree = "<group>"; };
		30DF1B381DC35425009D7C53 /* TAAbstractDotView.m */ = {isa = PBXFileReference; fileEncoding = 4; lastKnownFileType = sourcecode.c.objc; path = TAAbstractDotView.m; sourceTree = "<group>"; };
		30DF1B391DC35425009D7C53 /* TAAnimatedDotView.h */ = {isa = PBXFileReference; fileEncoding = 4; lastKnownFileType = sourcecode.c.h; path = TAAnimatedDotView.h; sourceTree = "<group>"; };
		30DF1B3A1DC35425009D7C53 /* TAAnimatedDotView.m */ = {isa = PBXFileReference; fileEncoding = 4; lastKnownFileType = sourcecode.c.objc; path = TAAnimatedDotView.m; sourceTree = "<group>"; };
		30DF1B3B1DC35425009D7C53 /* TADotView.h */ = {isa = PBXFileReference; fileEncoding = 4; lastKnownFileType = sourcecode.c.h; path = TADotView.h; sourceTree = "<group>"; };
		30DF1B3C1DC35425009D7C53 /* TADotView.m */ = {isa = PBXFileReference; fileEncoding = 4; lastKnownFileType = sourcecode.c.objc; path = TADotView.m; sourceTree = "<group>"; };
		30DF1B3D1DC35425009D7C53 /* TAPageControl.h */ = {isa = PBXFileReference; fileEncoding = 4; lastKnownFileType = sourcecode.c.h; path = TAPageControl.h; sourceTree = "<group>"; };
		30DF1B3E1DC35425009D7C53 /* TAPageControl.m */ = {isa = PBXFileReference; fileEncoding = 4; lastKnownFileType = sourcecode.c.objc; path = TAPageControl.m; sourceTree = "<group>"; };
		30DF1B3F1DC35425009D7C53 /* SDCollectionViewCell.h */ = {isa = PBXFileReference; fileEncoding = 4; lastKnownFileType = sourcecode.c.h; path = SDCollectionViewCell.h; sourceTree = "<group>"; };
		30DF1B401DC35425009D7C53 /* SDCollectionViewCell.m */ = {isa = PBXFileReference; fileEncoding = 4; lastKnownFileType = sourcecode.c.objc; path = SDCollectionViewCell.m; sourceTree = "<group>"; };
		30DF1B411DC35425009D7C53 /* SDCycleScrollView.h */ = {isa = PBXFileReference; fileEncoding = 4; lastKnownFileType = sourcecode.c.h; path = SDCycleScrollView.h; sourceTree = "<group>"; };
		30DF1B421DC35425009D7C53 /* SDCycleScrollView.m */ = {isa = PBXFileReference; fileEncoding = 4; lastKnownFileType = sourcecode.c.objc; path = SDCycleScrollView.m; sourceTree = "<group>"; };
		30DF1B431DC35425009D7C53 /* UIView+SDExtension.h */ = {isa = PBXFileReference; fileEncoding = 4; lastKnownFileType = sourcecode.c.h; path = "UIView+SDExtension.h"; sourceTree = "<group>"; };
		30DF1B441DC35425009D7C53 /* UIView+SDExtension.m */ = {isa = PBXFileReference; fileEncoding = 4; lastKnownFileType = sourcecode.c.objc; path = "UIView+SDExtension.m"; sourceTree = "<group>"; };
		30DF1B4D1DC35425009D7C53 /* ASValuePopUpView.h */ = {isa = PBXFileReference; fileEncoding = 4; lastKnownFileType = sourcecode.c.h; path = ASValuePopUpView.h; sourceTree = "<group>"; };
		30DF1B4E1DC35425009D7C53 /* ASValuePopUpView.m */ = {isa = PBXFileReference; fileEncoding = 4; lastKnownFileType = sourcecode.c.objc; path = ASValuePopUpView.m; sourceTree = "<group>"; };
		30DF1B4F1DC35425009D7C53 /* ASValueTrackingSlider.h */ = {isa = PBXFileReference; fileEncoding = 4; lastKnownFileType = sourcecode.c.h; path = ASValueTrackingSlider.h; sourceTree = "<group>"; };
		30DF1B501DC35425009D7C53 /* ASValueTrackingSlider.m */ = {isa = PBXFileReference; fileEncoding = 4; lastKnownFileType = sourcecode.c.objc; path = ASValueTrackingSlider.m; sourceTree = "<group>"; };
		30DF1B581DC35425009D7C53 /* ZFBrightnessView.h */ = {isa = PBXFileReference; fileEncoding = 4; lastKnownFileType = sourcecode.c.h; path = ZFBrightnessView.h; sourceTree = "<group>"; };
		30DF1B591DC35425009D7C53 /* ZFBrightnessView.m */ = {isa = PBXFileReference; fileEncoding = 4; lastKnownFileType = sourcecode.c.objc; path = ZFBrightnessView.m; sourceTree = "<group>"; };
		30DF1B5A1DC35425009D7C53 /* ZFPlayer.bundle */ = {isa = PBXFileReference; lastKnownFileType = "wrapper.plug-in"; path = ZFPlayer.bundle; sourceTree = "<group>"; };
		30DF1B5B1DC35425009D7C53 /* ZFPlayer.h */ = {isa = PBXFileReference; fileEncoding = 4; lastKnownFileType = sourcecode.c.h; path = ZFPlayer.h; sourceTree = "<group>"; };
		30DF1B5C1DC35425009D7C53 /* ZFPlayerControlView.h */ = {isa = PBXFileReference; fileEncoding = 4; lastKnownFileType = sourcecode.c.h; path = ZFPlayerControlView.h; sourceTree = "<group>"; };
		30DF1B5D1DC35425009D7C53 /* ZFPlayerControlView.m */ = {isa = PBXFileReference; fileEncoding = 4; lastKnownFileType = sourcecode.c.objc; path = ZFPlayerControlView.m; sourceTree = "<group>"; };
		30DF1B5E1DC35425009D7C53 /* ZFPlayerView.h */ = {isa = PBXFileReference; fileEncoding = 4; lastKnownFileType = sourcecode.c.h; path = ZFPlayerView.h; sourceTree = "<group>"; };
		30DF1B5F1DC35425009D7C53 /* ZFPlayerView.m */ = {isa = PBXFileReference; fileEncoding = 4; lastKnownFileType = sourcecode.c.objc; path = ZFPlayerView.m; sourceTree = "<group>"; };
		381376171ED2E65700ADE73C /* ZJBaseViewController.h */ = {isa = PBXFileReference; fileEncoding = 4; lastKnownFileType = sourcecode.c.h; path = ZJBaseViewController.h; sourceTree = "<group>"; };
		381376181ED2E65700ADE73C /* ZJBaseViewController.m */ = {isa = PBXFileReference; fileEncoding = 4; lastKnownFileType = sourcecode.c.objc; path = ZJBaseViewController.m; sourceTree = "<group>"; };
		3813761C1ED2E68B00ADE73C /* ZJHomePageViewController.h */ = {isa = PBXFileReference; fileEncoding = 4; lastKnownFileType = sourcecode.c.h; path = ZJHomePageViewController.h; sourceTree = "<group>"; };
		3813761D1ED2E68B00ADE73C /* ZJHomePageViewController.m */ = {isa = PBXFileReference; fileEncoding = 4; lastKnownFileType = sourcecode.c.objc; path = ZJHomePageViewController.m; sourceTree = "<group>"; };
		381376211ED2E69400ADE73C /* ZJAddressBookViewController.h */ = {isa = PBXFileReference; fileEncoding = 4; lastKnownFileType = sourcecode.c.h; path = ZJAddressBookViewController.h; sourceTree = "<group>"; };
		381376221ED2E69400ADE73C /* ZJAddressBookViewController.m */ = {isa = PBXFileReference; fileEncoding = 4; lastKnownFileType = sourcecode.c.objc; path = ZJAddressBookViewController.m; sourceTree = "<group>"; };
		381376261ED2E6A000ADE73C /* ZJSetViewController.h */ = {isa = PBXFileReference; fileEncoding = 4; lastKnownFileType = sourcecode.c.h; path = ZJSetViewController.h; sourceTree = "<group>"; };
		381376271ED2E6A000ADE73C /* ZJSetViewController.m */ = {isa = PBXFileReference; fileEncoding = 4; lastKnownFileType = sourcecode.c.objc; path = ZJSetViewController.m; sourceTree = "<group>"; };
		381376291ED2E71400ADE73C /* UIView+ZJ.h */ = {isa = PBXFileReference; fileEncoding = 4; lastKnownFileType = sourcecode.c.h; path = "UIView+ZJ.h"; sourceTree = "<group>"; };
		3813762A1ED2E71400ADE73C /* UIView+ZJ.m */ = {isa = PBXFileReference; fileEncoding = 4; lastKnownFileType = sourcecode.c.objc; path = "UIView+ZJ.m"; sourceTree = "<group>"; };
		3813762D1ED2E78B00ADE73C /* BZTDateView.h */ = {isa = PBXFileReference; fileEncoding = 4; lastKnownFileType = sourcecode.c.h; path = BZTDateView.h; sourceTree = "<group>"; };
		3813762E1ED2E78B00ADE73C /* BZTDateView.m */ = {isa = PBXFileReference; fileEncoding = 4; lastKnownFileType = sourcecode.c.objc; path = BZTDateView.m; sourceTree = "<group>"; };
		381376301ED2E78B00ADE73C /* BZTSeletPhotosAleterSheet.h */ = {isa = PBXFileReference; fileEncoding = 4; lastKnownFileType = sourcecode.c.h; path = BZTSeletPhotosAleterSheet.h; sourceTree = "<group>"; };
		381376311ED2E78B00ADE73C /* BZTSeletPhotosAleterSheet.m */ = {isa = PBXFileReference; fileEncoding = 4; lastKnownFileType = sourcecode.c.objc; path = BZTSeletPhotosAleterSheet.m; sourceTree = "<group>"; };
		382844251ED2DE1D007BD5A6 /* BasicArchitectureGlobalConstants.h */ = {isa = PBXFileReference; fileEncoding = 4; lastKnownFileType = sourcecode.c.h; path = BasicArchitectureGlobalConstants.h; sourceTree = "<group>"; };
		382844261ED2DE1D007BD5A6 /* BasicArchitectureGlobalConstants.m */ = {isa = PBXFileReference; fileEncoding = 4; lastKnownFileType = sourcecode.c.objc; path = BasicArchitectureGlobalConstants.m; sourceTree = "<group>"; };
		382844291ED2E05E007BD5A6 /* MBProgressHUD.h */ = {isa = PBXFileReference; fileEncoding = 4; lastKnownFileType = sourcecode.c.h; path = MBProgressHUD.h; sourceTree = "<group>"; };
		3828442A1ED2E05E007BD5A6 /* MBProgressHUD.m */ = {isa = PBXFileReference; fileEncoding = 4; lastKnownFileType = sourcecode.c.objc; path = MBProgressHUD.m; sourceTree = "<group>"; };
		3828442C1ED2E05E007BD5A6 /* MJExtension.h */ = {isa = PBXFileReference; fileEncoding = 4; lastKnownFileType = sourcecode.c.h; path = MJExtension.h; sourceTree = "<group>"; };
		3828442D1ED2E05E007BD5A6 /* MJExtensionConst.h */ = {isa = PBXFileReference; fileEncoding = 4; lastKnownFileType = sourcecode.c.h; path = MJExtensionConst.h; sourceTree = "<group>"; };
		3828442E1ED2E05E007BD5A6 /* MJExtensionConst.m */ = {isa = PBXFileReference; fileEncoding = 4; lastKnownFileType = sourcecode.c.objc; path = MJExtensionConst.m; sourceTree = "<group>"; };
		3828442F1ED2E05E007BD5A6 /* MJFoundation.h */ = {isa = PBXFileReference; fileEncoding = 4; lastKnownFileType = sourcecode.c.h; path = MJFoundation.h; sourceTree = "<group>"; };
		382844301ED2E05E007BD5A6 /* MJFoundation.m */ = {isa = PBXFileReference; fileEncoding = 4; lastKnownFileType = sourcecode.c.objc; path = MJFoundation.m; sourceTree = "<group>"; };
		382844311ED2E05E007BD5A6 /* MJProperty.h */ = {isa = PBXFileReference; fileEncoding = 4; lastKnownFileType = sourcecode.c.h; path = MJProperty.h; sourceTree = "<group>"; };
		382844321ED2E05E007BD5A6 /* MJProperty.m */ = {isa = PBXFileReference; fileEncoding = 4; lastKnownFileType = sourcecode.c.objc; path = MJProperty.m; sourceTree = "<group>"; };
		382844331ED2E05E007BD5A6 /* MJPropertyKey.h */ = {isa = PBXFileReference; fileEncoding = 4; lastKnownFileType = sourcecode.c.h; path = MJPropertyKey.h; sourceTree = "<group>"; };
		382844341ED2E05E007BD5A6 /* MJPropertyKey.m */ = {isa = PBXFileReference; fileEncoding = 4; lastKnownFileType = sourcecode.c.objc; path = MJPropertyKey.m; sourceTree = "<group>"; };
		382844351ED2E05E007BD5A6 /* MJPropertyType.h */ = {isa = PBXFileReference; fileEncoding = 4; lastKnownFileType = sourcecode.c.h; path = MJPropertyType.h; sourceTree = "<group>"; };
		382844361ED2E05E007BD5A6 /* MJPropertyType.m */ = {isa = PBXFileReference; fileEncoding = 4; lastKnownFileType = sourcecode.c.objc; path = MJPropertyType.m; sourceTree = "<group>"; };
		382844371ED2E05E007BD5A6 /* NSObject+MJClass.h */ = {isa = PBXFileReference; fileEncoding = 4; lastKnownFileType = sourcecode.c.h; path = "NSObject+MJClass.h"; sourceTree = "<group>"; };
		382844381ED2E05E007BD5A6 /* NSObject+MJClass.m */ = {isa = PBXFileReference; fileEncoding = 4; lastKnownFileType = sourcecode.c.objc; path = "NSObject+MJClass.m"; sourceTree = "<group>"; };
		382844391ED2E05E007BD5A6 /* NSObject+MJCoding.h */ = {isa = PBXFileReference; fileEncoding = 4; lastKnownFileType = sourcecode.c.h; path = "NSObject+MJCoding.h"; sourceTree = "<group>"; };
		3828443A1ED2E05E007BD5A6 /* NSObject+MJCoding.m */ = {isa = PBXFileReference; fileEncoding = 4; lastKnownFileType = sourcecode.c.objc; path = "NSObject+MJCoding.m"; sourceTree = "<group>"; };
		3828443B1ED2E05E007BD5A6 /* NSObject+MJKeyValue.h */ = {isa = PBXFileReference; fileEncoding = 4; lastKnownFileType = sourcecode.c.h; path = "NSObject+MJKeyValue.h"; sourceTree = "<group>"; };
		3828443C1ED2E05E007BD5A6 /* NSObject+MJKeyValue.m */ = {isa = PBXFileReference; fileEncoding = 4; lastKnownFileType = sourcecode.c.objc; path = "NSObject+MJKeyValue.m"; sourceTree = "<group>"; };
		3828443D1ED2E05E007BD5A6 /* NSObject+MJProperty.h */ = {isa = PBXFileReference; fileEncoding = 4; lastKnownFileType = sourcecode.c.h; path = "NSObject+MJProperty.h"; sourceTree = "<group>"; };
		3828443E1ED2E05E007BD5A6 /* NSObject+MJProperty.m */ = {isa = PBXFileReference; fileEncoding = 4; lastKnownFileType = sourcecode.c.objc; path = "NSObject+MJProperty.m"; sourceTree = "<group>"; };
		3828443F1ED2E05E007BD5A6 /* NSString+MJExtension.h */ = {isa = PBXFileReference; fileEncoding = 4; lastKnownFileType = sourcecode.c.h; path = "NSString+MJExtension.h"; sourceTree = "<group>"; };
		382844401ED2E05E007BD5A6 /* NSString+MJExtension.m */ = {isa = PBXFileReference; fileEncoding = 4; lastKnownFileType = sourcecode.c.objc; path = "NSString+MJExtension.m"; sourceTree = "<group>"; };
		382844421ED2E05E007BD5A6 /* MMAlertView.h */ = {isa = PBXFileReference; fileEncoding = 4; lastKnownFileType = sourcecode.c.h; path = MMAlertView.h; sourceTree = "<group>"; };
		382844431ED2E05E007BD5A6 /* MMAlertView.m */ = {isa = PBXFileReference; fileEncoding = 4; lastKnownFileType = sourcecode.c.objc; path = MMAlertView.m; sourceTree = "<group>"; };
		382844441ED2E05E007BD5A6 /* MMPopup.h */ = {isa = PBXFileReference; fileEncoding = 4; lastKnownFileType = sourcecode.c.h; path = MMPopup.h; sourceTree = "<group>"; };
		382844451ED2E05E007BD5A6 /* MMPopupCategory.h */ = {isa = PBXFileReference; fileEncoding = 4; lastKnownFileType = sourcecode.c.h; path = MMPopupCategory.h; sourceTree = "<group>"; };
		382844461ED2E05E007BD5A6 /* MMPopupCategory.m */ = {isa = PBXFileReference; fileEncoding = 4; lastKnownFileType = sourcecode.c.objc; path = MMPopupCategory.m; sourceTree = "<group>"; };
		382844471ED2E05E007BD5A6 /* MMPopupDefine.h */ = {isa = PBXFileReference; fileEncoding = 4; lastKnownFileType = sourcecode.c.h; path = MMPopupDefine.h; sourceTree = "<group>"; };
		382844481ED2E05E007BD5A6 /* MMPopupItem.h */ = {isa = PBXFileReference; fileEncoding = 4; lastKnownFileType = sourcecode.c.h; path = MMPopupItem.h; sourceTree = "<group>"; };
		382844491ED2E05E007BD5A6 /* MMPopupItem.m */ = {isa = PBXFileReference; fileEncoding = 4; lastKnownFileType = sourcecode.c.objc; path = MMPopupItem.m; sourceTree = "<group>"; };
		3828444A1ED2E05E007BD5A6 /* MMPopupView.h */ = {isa = PBXFileReference; fileEncoding = 4; lastKnownFileType = sourcecode.c.h; path = MMPopupView.h; sourceTree = "<group>"; };
		3828444B1ED2E05E007BD5A6 /* MMPopupView.m */ = {isa = PBXFileReference; fileEncoding = 4; lastKnownFileType = sourcecode.c.objc; path = MMPopupView.m; sourceTree = "<group>"; };
		3828444C1ED2E05E007BD5A6 /* MMPopupWindow.h */ = {isa = PBXFileReference; fileEncoding = 4; lastKnownFileType = sourcecode.c.h; path = MMPopupWindow.h; sourceTree = "<group>"; };
		3828444D1ED2E05E007BD5A6 /* MMPopupWindow.m */ = {isa = PBXFileReference; fileEncoding = 4; lastKnownFileType = sourcecode.c.objc; path = MMPopupWindow.m; sourceTree = "<group>"; };
		3828444E1ED2E05E007BD5A6 /* MMSheetView.h */ = {isa = PBXFileReference; fileEncoding = 4; lastKnownFileType = sourcecode.c.h; path = MMSheetView.h; sourceTree = "<group>"; };
		3828444F1ED2E05E007BD5A6 /* MMSheetView.m */ = {isa = PBXFileReference; fileEncoding = 4; lastKnownFileType = sourcecode.c.objc; path = MMSheetView.m; sourceTree = "<group>"; };
		382844621ED2E0C7007BD5A6 /* UINavigationController+ZFPlayerRotation.h */ = {isa = PBXFileReference; fileEncoding = 4; lastKnownFileType = sourcecode.c.h; path = "UINavigationController+ZFPlayerRotation.h"; sourceTree = "<group>"; };
		382844631ED2E0C7007BD5A6 /* UINavigationController+ZFPlayerRotation.m */ = {isa = PBXFileReference; fileEncoding = 4; lastKnownFileType = sourcecode.c.objc; path = "UINavigationController+ZFPlayerRotation.m"; sourceTree = "<group>"; };
		382844641ED2E0C7007BD5A6 /* UITabBarController+ZFPlayerRotation.h */ = {isa = PBXFileReference; fileEncoding = 4; lastKnownFileType = sourcecode.c.h; path = "UITabBarController+ZFPlayerRotation.h"; sourceTree = "<group>"; };
		382844651ED2E0C7007BD5A6 /* UITabBarController+ZFPlayerRotation.m */ = {isa = PBXFileReference; fileEncoding = 4; lastKnownFileType = sourcecode.c.objc; path = "UITabBarController+ZFPlayerRotation.m"; sourceTree = "<group>"; };
		382844661ED2E0C7007BD5A6 /* UIViewController+ZFPlayerRotation.h */ = {isa = PBXFileReference; fileEncoding = 4; lastKnownFileType = sourcecode.c.h; path = "UIViewController+ZFPlayerRotation.h"; sourceTree = "<group>"; };
		382844671ED2E0C7007BD5A6 /* UIViewController+ZFPlayerRotation.m */ = {isa = PBXFileReference; fileEncoding = 4; lastKnownFileType = sourcecode.c.objc; path = "UIViewController+ZFPlayerRotation.m"; sourceTree = "<group>"; };
		3828446B1ED2E162007BD5A6 /* NSObject+ZJ.h */ = {isa = PBXFileReference; fileEncoding = 4; lastKnownFileType = sourcecode.c.h; path = "NSObject+ZJ.h"; sourceTree = "<group>"; };
		3828446C1ED2E162007BD5A6 /* NSObject+ZJ.m */ = {isa = PBXFileReference; fileEncoding = 4; lastKnownFileType = sourcecode.c.objc; path = "NSObject+ZJ.m"; sourceTree = "<group>"; };
		3828446D1ED2E162007BD5A6 /* UIImage+ZJ.h */ = {isa = PBXFileReference; fileEncoding = 4; lastKnownFileType = sourcecode.c.h; path = "UIImage+ZJ.h"; sourceTree = "<group>"; };
		3828446E1ED2E162007BD5A6 /* UIImage+ZJ.m */ = {isa = PBXFileReference; fileEncoding = 4; lastKnownFileType = sourcecode.c.objc; path = "UIImage+ZJ.m"; sourceTree = "<group>"; };
		382844711ED2E1B9007BD5A6 /* UIButton+BasicArchitecture.h */ = {isa = PBXFileReference; fileEncoding = 4; lastKnownFileType = sourcecode.c.h; path = "UIButton+BasicArchitecture.h"; sourceTree = "<group>"; };
		382844721ED2E1B9007BD5A6 /* UIButton+BasicArchitecture.m */ = {isa = PBXFileReference; fileEncoding = 4; lastKnownFileType = sourcecode.c.objc; path = "UIButton+BasicArchitecture.m"; sourceTree = "<group>"; };
		3865E7EA1ED81B72001F03E1 /* ZJLoginViewController.h */ = {isa = PBXFileReference; fileEncoding = 4; lastKnownFileType = sourcecode.c.h; path = ZJLoginViewController.h; sourceTree = "<group>"; };
		3865E7EB1ED81B72001F03E1 /* ZJLoginViewController.m */ = {isa = PBXFileReference; fileEncoding = 4; lastKnownFileType = sourcecode.c.objc; path = ZJLoginViewController.m; sourceTree = "<group>"; };
		3865E7EF1ED821E6001F03E1 /* ZJloginTextField.h */ = {isa = PBXFileReference; fileEncoding = 4; lastKnownFileType = sourcecode.c.h; path = ZJloginTextField.h; sourceTree = "<group>"; };
		3865E7F01ED821E6001F03E1 /* ZJloginTextField.m */ = {isa = PBXFileReference; fileEncoding = 4; lastKnownFileType = sourcecode.c.objc; path = ZJloginTextField.m; sourceTree = "<group>"; };
		38FF57B91ED82550000244BC /* ZJLoginView.h */ = {isa = PBXFileReference; fileEncoding = 4; lastKnownFileType = sourcecode.c.h; path = ZJLoginView.h; sourceTree = "<group>"; };
		38FF57BA1ED82550000244BC /* ZJLoginView.m */ = {isa = PBXFileReference; fileEncoding = 4; lastKnownFileType = sourcecode.c.objc; path = ZJLoginView.m; sourceTree = "<group>"; };
		574BEEC2ECBAC89AFF697AF7 /* libPods-BasicArchitecture.a */ = {isa = PBXFileReference; explicitFileType = archive.ar; includeInIndex = 0; path = "libPods-BasicArchitecture.a"; sourceTree = BUILT_PRODUCTS_DIR; };
		AA4F6CE721A2EEFE1964BCAB /* Pods-BasicArchitecture.release.xcconfig */ = {isa = PBXFileReference; includeInIndex = 1; lastKnownFileType = text.xcconfig; name = "Pods-BasicArchitecture.release.xcconfig"; path = "Pods/Target Support Files/Pods-BasicArchitecture/Pods-BasicArchitecture.release.xcconfig"; sourceTree = "<group>"; };
		FF47B6F3A4027AE1B769F61A /* Pods-BasicArchitecture.debug.xcconfig */ = {isa = PBXFileReference; includeInIndex = 1; lastKnownFileType = text.xcconfig; name = "Pods-BasicArchitecture.debug.xcconfig"; path = "Pods/Target Support Files/Pods-BasicArchitecture/Pods-BasicArchitecture.debug.xcconfig"; sourceTree = "<group>"; };
/* End PBXFileReference section */

/* Begin PBXFrameworksBuildPhase section */
		30DF1A841DC34A44009D7C53 /* Frameworks */ = {
			isa = PBXFrameworksBuildPhase;
			buildActionMask = 2147483647;
			files = (
				9414B38FECC983ED5CC74262 /* libPods-BasicArchitecture.a in Frameworks */,
			);
			runOnlyForDeploymentPostprocessing = 0;
		};
/* End PBXFrameworksBuildPhase section */

/* Begin PBXGroup section */
		07DB6613F21657E486D7A0FD /* Pods */ = {
			isa = PBXGroup;
			children = (
				FF47B6F3A4027AE1B769F61A /* Pods-BasicArchitecture.debug.xcconfig */,
				AA4F6CE721A2EEFE1964BCAB /* Pods-BasicArchitecture.release.xcconfig */,
			);
			name = Pods;
			sourceTree = "<group>";
		};
		308917EC1DC44AEC00531911 /* Category（分类） */ = {
			isa = PBXGroup;
			children = (
				382844611ED2E0C7007BD5A6 /* 设置禁止横竖屏状态 */,
				3828446B1ED2E162007BD5A6 /* NSObject+ZJ.h */,
				3828446C1ED2E162007BD5A6 /* NSObject+ZJ.m */,
				3828446D1ED2E162007BD5A6 /* UIImage+ZJ.h */,
				3828446E1ED2E162007BD5A6 /* UIImage+ZJ.m */,
				382844711ED2E1B9007BD5A6 /* UIButton+BasicArchitecture.h */,
				382844721ED2E1B9007BD5A6 /* UIButton+BasicArchitecture.m */,
				381376291ED2E71400ADE73C /* UIView+ZJ.h */,
				3813762A1ED2E71400ADE73C /* UIView+ZJ.m */,
			);
			path = "Category（分类）";
			sourceTree = "<group>";
		};
		308917FA1DC4527200531911 /* AddressBook（通讯录） */ = {
			isa = PBXGroup;
			children = (
				3813761F1ED2E69400ADE73C /* 主页面 */,
			);
			path = "AddressBook（通讯录）";
			sourceTree = "<group>";
		};
		30DF1A7E1DC34A44009D7C53 = {
			isa = PBXGroup;
			children = (
				30DF1A891DC34A44009D7C53 /* BasicArchitecture */,
				30DF1A881DC34A44009D7C53 /* Products */,
				07DB6613F21657E486D7A0FD /* Pods */,
				541EC7F60D9B14231CB6FFDF /* Frameworks */,
			);
			sourceTree = "<group>";
		};
		30DF1A881DC34A44009D7C53 /* Products */ = {
			isa = PBXGroup;
			children = (
				30DF1A871DC34A44009D7C53 /* BasicArchitecture.app */,
			);
			name = Products;
			sourceTree = "<group>";
		};
		30DF1A891DC34A44009D7C53 /* BasicArchitecture */ = {
			isa = PBXGroup;
			children = (
				30DF1AA11DC34CC0009D7C53 /* Classes（工作区） */,
				30DF1AB51DC34CC0009D7C53 /* MyClass（自己封装的类） */,
				30DF1AB61DC34CC0009D7C53 /* Other（项目相关） */,
				308917EC1DC44AEC00531911 /* Category（分类） */,
				30DF1ABB1DC34CC0009D7C53 /* ThirdClass（第三方类） */,
				30DF1A961DC34A44009D7C53 /* Assets.xcassets */,
				30DF1A981DC34A44009D7C53 /* LaunchScreen.storyboard */,
				30DF1A8A1DC34A44009D7C53 /* Supporting Files */,
			);
			path = BasicArchitecture;
			sourceTree = "<group>";
		};
		30DF1A8A1DC34A44009D7C53 /* Supporting Files */ = {
			isa = PBXGroup;
			children = (
			);
			name = "Supporting Files";
			sourceTree = "<group>";
		};
		30DF1AA11DC34CC0009D7C53 /* Classes（工作区） */ = {
			isa = PBXGroup;
			children = (
				30DF1AA21DC34CC0009D7C53 /* BaseClass（基类） */,
				3865E7E51ED81B43001F03E1 /* Login（登录） */,
				30DF1AA71DC34CC0009D7C53 /* HomePage（首页） */,
				308917FA1DC4527200531911 /* AddressBook（通讯录） */,
				30DF1AB01DC34CC0009D7C53 /* Set（设置） */,
			);
			path = "Classes（工作区）";
			sourceTree = "<group>";
		};
		30DF1AA21DC34CC0009D7C53 /* BaseClass（基类） */ = {
			isa = PBXGroup;
			children = (
				308918021DC452C100531911 /* ZJTabBarViewController.h */,
				308918031DC452C100531911 /* ZJTabBarViewController.m */,
				30DF1AC11DC3506D009D7C53 /* ZJNavigationViewController.h */,
				30DF1AC21DC3506D009D7C53 /* ZJNavigationViewController.m */,
				381376171ED2E65700ADE73C /* ZJBaseViewController.h */,
				381376181ED2E65700ADE73C /* ZJBaseViewController.m */,
			);
			path = "BaseClass（基类）";
			sourceTree = "<group>";
		};
		30DF1AA71DC34CC0009D7C53 /* HomePage（首页） */ = {
			isa = PBXGroup;
			children = (
				3813761A1ED2E68B00ADE73C /* 主页面 */,
			);
			path = "HomePage（首页）";
			sourceTree = "<group>";
		};
		30DF1AB01DC34CC0009D7C53 /* Set（设置） */ = {
			isa = PBXGroup;
			children = (
				381376241ED2E6A000ADE73C /* 主页面 */,
			);
			path = "Set（设置）";
			sourceTree = "<group>";
		};
		30DF1AB51DC34CC0009D7C53 /* MyClass（自己封装的类） */ = {
			isa = PBXGroup;
			children = (
				3813762C1ED2E78B00ADE73C /* dateView（时间选择） */,
				3813762F1ED2E78B00ADE73C /* selectPhotos（选择照片） */,
				30DF1AD71DC3541B009D7C53 /* FMBD二次封装 */,
				30DF1AC41DC35215009D7C53 /* 工具类 */,
				30DF1ACB1DC35215009D7C53 /* 字典转模型 */,
				30DF1ACE1DC35215009D7C53 /* Log中文转码 */,
			);
			path = "MyClass（自己封装的类）";
			sourceTree = "<group>";
		};
		30DF1AB61DC34CC0009D7C53 /* Other（项目相关） */ = {
			isa = PBXGroup;
			children = (
				30DF1AB71DC34CC0009D7C53 /* AppDelegate.h */,
				30DF1AB81DC34CC0009D7C53 /* AppDelegate.m */,
				30DF1AB91DC34CC0009D7C53 /* Info.plist */,
				30DF1ABA1DC34CC0009D7C53 /* main.m */,
				30DF1AD51DC3523C009D7C53 /* BasicArchitecture.pch */,
				382844251ED2DE1D007BD5A6 /* BasicArchitectureGlobalConstants.h */,
				382844261ED2DE1D007BD5A6 /* BasicArchitectureGlobalConstants.m */,
			);
			path = "Other（项目相关）";
			sourceTree = "<group>";
		};
		30DF1ABB1DC34CC0009D7C53 /* ThirdClass（第三方类） */ = {
			isa = PBXGroup;
			children = (
				382844281ED2E05E007BD5A6 /* MBProgressHUD */,
				3828442B1ED2E05E007BD5A6 /* MJExtension */,
				382844411ED2E05E007BD5A6 /* MMPopupView */,
				30DF1B061DC35425009D7C53 /* MJRefresh */,
				30DF1B351DC35425009D7C53 /* SDCycleScrollView */,
				30DF1B4C1DC35425009D7C53 /* ZFPlayer */,
			);
			path = "ThirdClass（第三方类）";
			sourceTree = "<group>";
		};
		30DF1AC41DC35215009D7C53 /* 工具类 */ = {
			isa = PBXGroup;
			children = (
				30DF1AD61DC3527A009D7C53 /* ZJGlobalDefine.h */,
				30DF1AC51DC35215009D7C53 /* AFOwnerHTTPSessionManager.h */,
				30DF1AC61DC35215009D7C53 /* AFOwnerHTTPSessionManager.m */,
				30DF1AC91DC35215009D7C53 /* ToolsObject.h */,
				30DF1ACA1DC35215009D7C53 /* ToolsObject.m */,
			);
			path = "工具类";
			sourceTree = "<group>";
		};
		30DF1ACB1DC35215009D7C53 /* 字典转模型 */ = {
			isa = PBXGroup;
			children = (
				30DF1ACC1DC35215009D7C53 /* NSObject+AssingeToObject.h */,
				30DF1ACD1DC35215009D7C53 /* NSObject+AssingeToObject.m */,
			);
			path = "字典转模型";
			sourceTree = "<group>";
		};
		30DF1ACE1DC35215009D7C53 /* Log中文转码 */ = {
			isa = PBXGroup;
			children = (
				30DF1ACF1DC35215009D7C53 /* Foundation+Log.m */,
			);
			path = "Log中文转码";
			sourceTree = "<group>";
		};
		30DF1AD71DC3541B009D7C53 /* FMBD二次封装 */ = {
			isa = PBXGroup;
			children = (
				30DF1AD81DC3541B009D7C53 /* AssignToObject.h */,
				30DF1AD91DC3541B009D7C53 /* AssignToObject.m */,
				30DF1ADA1DC3541B009D7C53 /* GetDataBase.h */,
				30DF1ADB1DC3541B009D7C53 /* GetDataBase.m */,
			);
			path = "FMBD二次封装";
			sourceTree = "<group>";
		};
		30DF1B061DC35425009D7C53 /* MJRefresh */ = {
			isa = PBXGroup;
			children = (
				30DF1B071DC35425009D7C53 /* Base */,
				30DF1B121DC35425009D7C53 /* Custom */,
				30DF1B291DC35425009D7C53 /* MJRefresh.bundle */,
				30DF1B2A1DC35425009D7C53 /* MJRefresh.h */,
				30DF1B2B1DC35425009D7C53 /* MJRefreshConst.h */,
				30DF1B2C1DC35425009D7C53 /* MJRefreshConst.m */,
				30DF1B2D1DC35425009D7C53 /* NSBundle+MJRefresh.h */,
				30DF1B2E1DC35425009D7C53 /* NSBundle+MJRefresh.m */,
				30DF1B2F1DC35425009D7C53 /* UIScrollView+MJExtension.h */,
				30DF1B301DC35425009D7C53 /* UIScrollView+MJExtension.m */,
				30DF1B311DC35425009D7C53 /* UIScrollView+MJRefresh.h */,
				30DF1B321DC35425009D7C53 /* UIScrollView+MJRefresh.m */,
				30DF1B331DC35425009D7C53 /* UIView+MJExtension.h */,
				30DF1B341DC35425009D7C53 /* UIView+MJExtension.m */,
			);
			path = MJRefresh;
			sourceTree = "<group>";
		};
		30DF1B071DC35425009D7C53 /* Base */ = {
			isa = PBXGroup;
			children = (
				30DF1B081DC35425009D7C53 /* MJRefreshAutoFooter.h */,
				30DF1B091DC35425009D7C53 /* MJRefreshAutoFooter.m */,
				30DF1B0A1DC35425009D7C53 /* MJRefreshBackFooter.h */,
				30DF1B0B1DC35425009D7C53 /* MJRefreshBackFooter.m */,
				30DF1B0C1DC35425009D7C53 /* MJRefreshComponent.h */,
				30DF1B0D1DC35425009D7C53 /* MJRefreshComponent.m */,
				30DF1B0E1DC35425009D7C53 /* MJRefreshFooter.h */,
				30DF1B0F1DC35425009D7C53 /* MJRefreshFooter.m */,
				30DF1B101DC35425009D7C53 /* MJRefreshHeader.h */,
				30DF1B111DC35425009D7C53 /* MJRefreshHeader.m */,
			);
			path = Base;
			sourceTree = "<group>";
		};
		30DF1B121DC35425009D7C53 /* Custom */ = {
			isa = PBXGroup;
			children = (
				30DF1B131DC35425009D7C53 /* Footer */,
				30DF1B221DC35425009D7C53 /* Header */,
			);
			path = Custom;
			sourceTree = "<group>";
		};
		30DF1B131DC35425009D7C53 /* Footer */ = {
			isa = PBXGroup;
			children = (
				30DF1B141DC35425009D7C53 /* Auto */,
				30DF1B1B1DC35425009D7C53 /* Back */,
			);
			path = Footer;
			sourceTree = "<group>";
		};
		30DF1B141DC35425009D7C53 /* Auto */ = {
			isa = PBXGroup;
			children = (
				30DF1B151DC35425009D7C53 /* MJRefreshAutoGifFooter.h */,
				30DF1B161DC35425009D7C53 /* MJRefreshAutoGifFooter.m */,
				30DF1B171DC35425009D7C53 /* MJRefreshAutoNormalFooter.h */,
				30DF1B181DC35425009D7C53 /* MJRefreshAutoNormalFooter.m */,
				30DF1B191DC35425009D7C53 /* MJRefreshAutoStateFooter.h */,
				30DF1B1A1DC35425009D7C53 /* MJRefreshAutoStateFooter.m */,
			);
			path = Auto;
			sourceTree = "<group>";
		};
		30DF1B1B1DC35425009D7C53 /* Back */ = {
			isa = PBXGroup;
			children = (
				30DF1B1C1DC35425009D7C53 /* MJRefreshBackGifFooter.h */,
				30DF1B1D1DC35425009D7C53 /* MJRefreshBackGifFooter.m */,
				30DF1B1E1DC35425009D7C53 /* MJRefreshBackNormalFooter.h */,
				30DF1B1F1DC35425009D7C53 /* MJRefreshBackNormalFooter.m */,
				30DF1B201DC35425009D7C53 /* MJRefreshBackStateFooter.h */,
				30DF1B211DC35425009D7C53 /* MJRefreshBackStateFooter.m */,
			);
			path = Back;
			sourceTree = "<group>";
		};
		30DF1B221DC35425009D7C53 /* Header */ = {
			isa = PBXGroup;
			children = (
				30DF1B231DC35425009D7C53 /* MJRefreshGifHeader.h */,
				30DF1B241DC35425009D7C53 /* MJRefreshGifHeader.m */,
				30DF1B251DC35425009D7C53 /* MJRefreshNormalHeader.h */,
				30DF1B261DC35425009D7C53 /* MJRefreshNormalHeader.m */,
				30DF1B271DC35425009D7C53 /* MJRefreshStateHeader.h */,
				30DF1B281DC35425009D7C53 /* MJRefreshStateHeader.m */,
			);
			path = Header;
			sourceTree = "<group>";
		};
		30DF1B351DC35425009D7C53 /* SDCycleScrollView */ = {
			isa = PBXGroup;
			children = (
				30DF1B361DC35425009D7C53 /* PageControl */,
				30DF1B3F1DC35425009D7C53 /* SDCollectionViewCell.h */,
				30DF1B401DC35425009D7C53 /* SDCollectionViewCell.m */,
				30DF1B411DC35425009D7C53 /* SDCycleScrollView.h */,
				30DF1B421DC35425009D7C53 /* SDCycleScrollView.m */,
				30DF1B431DC35425009D7C53 /* UIView+SDExtension.h */,
				30DF1B441DC35425009D7C53 /* UIView+SDExtension.m */,
			);
			path = SDCycleScrollView;
			sourceTree = "<group>";
		};
		30DF1B361DC35425009D7C53 /* PageControl */ = {
			isa = PBXGroup;
			children = (
				30DF1B371DC35425009D7C53 /* TAAbstractDotView.h */,
				30DF1B381DC35425009D7C53 /* TAAbstractDotView.m */,
				30DF1B391DC35425009D7C53 /* TAAnimatedDotView.h */,
				30DF1B3A1DC35425009D7C53 /* TAAnimatedDotView.m */,
				30DF1B3B1DC35425009D7C53 /* TADotView.h */,
				30DF1B3C1DC35425009D7C53 /* TADotView.m */,
				30DF1B3D1DC35425009D7C53 /* TAPageControl.h */,
				30DF1B3E1DC35425009D7C53 /* TAPageControl.m */,
			);
			path = PageControl;
			sourceTree = "<group>";
		};
		30DF1B4C1DC35425009D7C53 /* ZFPlayer */ = {
			isa = PBXGroup;
			children = (
				30DF1B4D1DC35425009D7C53 /* ASValuePopUpView.h */,
				30DF1B4E1DC35425009D7C53 /* ASValuePopUpView.m */,
				30DF1B4F1DC35425009D7C53 /* ASValueTrackingSlider.h */,
				30DF1B501DC35425009D7C53 /* ASValueTrackingSlider.m */,
				30DF1B581DC35425009D7C53 /* ZFBrightnessView.h */,
				30DF1B591DC35425009D7C53 /* ZFBrightnessView.m */,
				30DF1B5A1DC35425009D7C53 /* ZFPlayer.bundle */,
				30DF1B5B1DC35425009D7C53 /* ZFPlayer.h */,
				30DF1B5C1DC35425009D7C53 /* ZFPlayerControlView.h */,
				30DF1B5D1DC35425009D7C53 /* ZFPlayerControlView.m */,
				30DF1B5E1DC35425009D7C53 /* ZFPlayerView.h */,
				30DF1B5F1DC35425009D7C53 /* ZFPlayerView.m */,
			);
			path = ZFPlayer;
			sourceTree = "<group>";
		};
		3813761A1ED2E68B00ADE73C /* 主页面 */ = {
			isa = PBXGroup;
			children = (
				3813761B1ED2E68B00ADE73C /* Controller */,
				3865E7DD1ED819CB001F03E1 /* Model */,
				3865E7DE1ED819CB001F03E1 /* View */,
			);
			path = "主页面";
			sourceTree = "<group>";
		};
		3813761B1ED2E68B00ADE73C /* Controller */ = {
			isa = PBXGroup;
			children = (
				3813761C1ED2E68B00ADE73C /* ZJHomePageViewController.h */,
				3813761D1ED2E68B00ADE73C /* ZJHomePageViewController.m */,
			);
			path = Controller;
			sourceTree = "<group>";
		};
		3813761F1ED2E69400ADE73C /* 主页面 */ = {
			isa = PBXGroup;
			children = (
				3865E7E11ED81B21001F03E1 /* Model */,
				3865E7E21ED81B21001F03E1 /* View */,
				381376201ED2E69400ADE73C /* Controller */,
			);
			path = "主页面";
			sourceTree = "<group>";
		};
		381376201ED2E69400ADE73C /* Controller */ = {
			isa = PBXGroup;
			children = (
				381376211ED2E69400ADE73C /* ZJAddressBookViewController.h */,
				381376221ED2E69400ADE73C /* ZJAddressBookViewController.m */,
			);
			path = Controller;
			sourceTree = "<group>";
		};
		381376241ED2E6A000ADE73C /* 主页面 */ = {
			isa = PBXGroup;
			children = (
				3865E7E31ED81B2B001F03E1 /* Model */,
				3865E7E41ED81B2B001F03E1 /* View */,
				381376251ED2E6A000ADE73C /* Controller */,
			);
			path = "主页面";
			sourceTree = "<group>";
		};
		381376251ED2E6A000ADE73C /* Controller */ = {
			isa = PBXGroup;
			children = (
				381376261ED2E6A000ADE73C /* ZJSetViewController.h */,
				381376271ED2E6A000ADE73C /* ZJSetViewController.m */,
			);
			path = Controller;
			sourceTree = "<group>";
		};
		3813762C1ED2E78B00ADE73C /* dateView（时间选择） */ = {
			isa = PBXGroup;
			children = (
				3813762D1ED2E78B00ADE73C /* BZTDateView.h */,
				3813762E1ED2E78B00ADE73C /* BZTDateView.m */,
			);
			path = "dateView（时间选择）";
			sourceTree = "<group>";
		};
		3813762F1ED2E78B00ADE73C /* selectPhotos（选择照片） */ = {
			isa = PBXGroup;
			children = (
				381376301ED2E78B00ADE73C /* BZTSeletPhotosAleterSheet.h */,
				381376311ED2E78B00ADE73C /* BZTSeletPhotosAleterSheet.m */,
			);
			path = "selectPhotos（选择照片）";
			sourceTree = "<group>";
		};
		382844281ED2E05E007BD5A6 /* MBProgressHUD */ = {
			isa = PBXGroup;
			children = (
				382844291ED2E05E007BD5A6 /* MBProgressHUD.h */,
				3828442A1ED2E05E007BD5A6 /* MBProgressHUD.m */,
			);
			path = MBProgressHUD;
			sourceTree = "<group>";
		};
		3828442B1ED2E05E007BD5A6 /* MJExtension */ = {
			isa = PBXGroup;
			children = (
				3828442C1ED2E05E007BD5A6 /* MJExtension.h */,
				3828442D1ED2E05E007BD5A6 /* MJExtensionConst.h */,
				3828442E1ED2E05E007BD5A6 /* MJExtensionConst.m */,
				3828442F1ED2E05E007BD5A6 /* MJFoundation.h */,
				382844301ED2E05E007BD5A6 /* MJFoundation.m */,
				382844311ED2E05E007BD5A6 /* MJProperty.h */,
				382844321ED2E05E007BD5A6 /* MJProperty.m */,
				382844331ED2E05E007BD5A6 /* MJPropertyKey.h */,
				382844341ED2E05E007BD5A6 /* MJPropertyKey.m */,
				382844351ED2E05E007BD5A6 /* MJPropertyType.h */,
				382844361ED2E05E007BD5A6 /* MJPropertyType.m */,
				382844371ED2E05E007BD5A6 /* NSObject+MJClass.h */,
				382844381ED2E05E007BD5A6 /* NSObject+MJClass.m */,
				382844391ED2E05E007BD5A6 /* NSObject+MJCoding.h */,
				3828443A1ED2E05E007BD5A6 /* NSObject+MJCoding.m */,
				3828443B1ED2E05E007BD5A6 /* NSObject+MJKeyValue.h */,
				3828443C1ED2E05E007BD5A6 /* NSObject+MJKeyValue.m */,
				3828443D1ED2E05E007BD5A6 /* NSObject+MJProperty.h */,
				3828443E1ED2E05E007BD5A6 /* NSObject+MJProperty.m */,
				3828443F1ED2E05E007BD5A6 /* NSString+MJExtension.h */,
				382844401ED2E05E007BD5A6 /* NSString+MJExtension.m */,
			);
			path = MJExtension;
			sourceTree = "<group>";
		};
		382844411ED2E05E007BD5A6 /* MMPopupView */ = {
			isa = PBXGroup;
			children = (
				382844421ED2E05E007BD5A6 /* MMAlertView.h */,
				382844431ED2E05E007BD5A6 /* MMAlertView.m */,
				382844441ED2E05E007BD5A6 /* MMPopup.h */,
				382844451ED2E05E007BD5A6 /* MMPopupCategory.h */,
				382844461ED2E05E007BD5A6 /* MMPopupCategory.m */,
				382844471ED2E05E007BD5A6 /* MMPopupDefine.h */,
				382844481ED2E05E007BD5A6 /* MMPopupItem.h */,
				382844491ED2E05E007BD5A6 /* MMPopupItem.m */,
				3828444A1ED2E05E007BD5A6 /* MMPopupView.h */,
				3828444B1ED2E05E007BD5A6 /* MMPopupView.m */,
				3828444C1ED2E05E007BD5A6 /* MMPopupWindow.h */,
				3828444D1ED2E05E007BD5A6 /* MMPopupWindow.m */,
				3828444E1ED2E05E007BD5A6 /* MMSheetView.h */,
				3828444F1ED2E05E007BD5A6 /* MMSheetView.m */,
			);
			path = MMPopupView;
			sourceTree = "<group>";
		};
		382844611ED2E0C7007BD5A6 /* 设置禁止横竖屏状态 */ = {
			isa = PBXGroup;
			children = (
				382844621ED2E0C7007BD5A6 /* UINavigationController+ZFPlayerRotation.h */,
				382844631ED2E0C7007BD5A6 /* UINavigationController+ZFPlayerRotation.m */,
				382844641ED2E0C7007BD5A6 /* UITabBarController+ZFPlayerRotation.h */,
				382844651ED2E0C7007BD5A6 /* UITabBarController+ZFPlayerRotation.m */,
				382844661ED2E0C7007BD5A6 /* UIViewController+ZFPlayerRotation.h */,
				382844671ED2E0C7007BD5A6 /* UIViewController+ZFPlayerRotation.m */,
			);
			path = "设置禁止横竖屏状态";
			sourceTree = "<group>";
		};
		3865E7DD1ED819CB001F03E1 /* Model */ = {
			isa = PBXGroup;
			children = (
			);
			path = Model;
			sourceTree = "<group>";
		};
		3865E7DE1ED819CB001F03E1 /* View */ = {
			isa = PBXGroup;
			children = (
			);
			path = View;
			sourceTree = "<group>";
		};
		3865E7E11ED81B21001F03E1 /* Model */ = {
			isa = PBXGroup;
			children = (
			);
			path = Model;
			sourceTree = "<group>";
		};
		3865E7E21ED81B21001F03E1 /* View */ = {
			isa = PBXGroup;
			children = (
			);
			path = View;
			sourceTree = "<group>";
		};
		3865E7E31ED81B2B001F03E1 /* Model */ = {
			isa = PBXGroup;
			children = (
			);
			path = Model;
			sourceTree = "<group>";
		};
		3865E7E41ED81B2B001F03E1 /* View */ = {
			isa = PBXGroup;
			children = (
			);
			path = View;
			sourceTree = "<group>";
		};
		3865E7E51ED81B43001F03E1 /* Login（登录） */ = {
			isa = PBXGroup;
			children = (
				3865E7E61ED81B43001F03E1 /* 主页面 */,
			);
			path = "Login（登录）";
			sourceTree = "<group>";
		};
		3865E7E61ED81B43001F03E1 /* 主页面 */ = {
			isa = PBXGroup;
			children = (
				3865E7E71ED81B43001F03E1 /* Controller */,
				3865E7E81ED81B43001F03E1 /* Model */,
				3865E7E91ED81B43001F03E1 /* View */,
			);
			path = "主页面";
			sourceTree = "<group>";
		};
		3865E7E71ED81B43001F03E1 /* Controller */ = {
			isa = PBXGroup;
			children = (
				3865E7EA1ED81B72001F03E1 /* ZJLoginViewController.h */,
				3865E7EB1ED81B72001F03E1 /* ZJLoginViewController.m */,
			);
			path = Controller;
			sourceTree = "<group>";
		};
		3865E7E81ED81B43001F03E1 /* Model */ = {
			isa = PBXGroup;
			children = (
			);
			path = Model;
			sourceTree = "<group>";
		};
		3865E7E91ED81B43001F03E1 /* View */ = {
			isa = PBXGroup;
			children = (
				3865E7EF1ED821E6001F03E1 /* ZJloginTextField.h */,
				3865E7F01ED821E6001F03E1 /* ZJloginTextField.m */,
				38FF57B91ED82550000244BC /* ZJLoginView.h */,
				38FF57BA1ED82550000244BC /* ZJLoginView.m */,
			);
			path = View;
			sourceTree = "<group>";
		};
		541EC7F60D9B14231CB6FFDF /* Frameworks */ = {
			isa = PBXGroup;
			children = (
				574BEEC2ECBAC89AFF697AF7 /* libPods-BasicArchitecture.a */,
			);
			name = Frameworks;
			sourceTree = "<group>";
		};
/* End PBXGroup section */

/* Begin PBXNativeTarget section */
		30DF1A861DC34A44009D7C53 /* BasicArchitecture */ = {
			isa = PBXNativeTarget;
			buildConfigurationList = 30DF1A9E1DC34A44009D7C53 /* Build configuration list for PBXNativeTarget "BasicArchitecture" */;
			buildPhases = (
				75D421EAD9DF8FDA0E46B525 /* [CP] Check Pods Manifest.lock */,
				30DF1A831DC34A44009D7C53 /* Sources */,
				30DF1A841DC34A44009D7C53 /* Frameworks */,
				30DF1A851DC34A44009D7C53 /* Resources */,
				377422C18E81BF9CD9C1B5F2 /* [CP] Embed Pods Frameworks */,
				04C8C42A216D4174414ECA43 /* [CP] Copy Pods Resources */,
			);
			buildRules = (
			);
			dependencies = (
			);
			name = BasicArchitecture;
			productName = BasicArchitecture;
			productReference = 30DF1A871DC34A44009D7C53 /* BasicArchitecture.app */;
			productType = "com.apple.product-type.application";
		};
/* End PBXNativeTarget section */

/* Begin PBXProject section */
		30DF1A7F1DC34A44009D7C53 /* Project object */ = {
			isa = PBXProject;
			attributes = {
				CLASSPREFIX = ZJ;
				LastUpgradeCheck = 0810;
				ORGANIZATIONNAME = "周君";
				TargetAttributes = {
					30DF1A861DC34A44009D7C53 = {
						CreatedOnToolsVersion = 8.1;
						ProvisioningStyle = Automatic;
					};
				};
			};
			buildConfigurationList = 30DF1A821DC34A44009D7C53 /* Build configuration list for PBXProject "BasicArchitecture" */;
			compatibilityVersion = "Xcode 3.2";
			developmentRegion = English;
			hasScannedForEncodings = 0;
			knownRegions = (
				en,
				Base,
			);
			mainGroup = 30DF1A7E1DC34A44009D7C53;
			productRefGroup = 30DF1A881DC34A44009D7C53 /* Products */;
			projectDirPath = "";
			projectRoot = "";
			targets = (
				30DF1A861DC34A44009D7C53 /* BasicArchitecture */,
			);
		};
/* End PBXProject section */

/* Begin PBXResourcesBuildPhase section */
		30DF1A851DC34A44009D7C53 /* Resources */ = {
			isa = PBXResourcesBuildPhase;
			buildActionMask = 2147483647;
			files = (
				30DF1A9A1DC34A44009D7C53 /* LaunchScreen.storyboard in Resources */,
				30DF1A971DC34A44009D7C53 /* Assets.xcassets in Resources */,
				30DF1B7D1DC35425009D7C53 /* MJRefresh.bundle in Resources */,
				30DF1B931DC35425009D7C53 /* ZFPlayer.bundle in Resources */,
			);
			runOnlyForDeploymentPostprocessing = 0;
		};
/* End PBXResourcesBuildPhase section */

/* Begin PBXShellScriptBuildPhase section */
		04C8C42A216D4174414ECA43 /* [CP] Copy Pods Resources */ = {
			isa = PBXShellScriptBuildPhase;
			buildActionMask = 2147483647;
			files = (
			);
			inputPaths = (
			);
			name = "[CP] Copy Pods Resources";
			outputPaths = (
			);
			runOnlyForDeploymentPostprocessing = 0;
			shellPath = /bin/sh;
			shellScript = "\"${SRCROOT}/Pods/Target Support Files/Pods-BasicArchitecture/Pods-BasicArchitecture-resources.sh\"\n";
			showEnvVarsInLog = 0;
		};
		377422C18E81BF9CD9C1B5F2 /* [CP] Embed Pods Frameworks */ = {
			isa = PBXShellScriptBuildPhase;
			buildActionMask = 2147483647;
			files = (
			);
			inputPaths = (
			);
			name = "[CP] Embed Pods Frameworks";
			outputPaths = (
			);
			runOnlyForDeploymentPostprocessing = 0;
			shellPath = /bin/sh;
			shellScript = "\"${SRCROOT}/Pods/Target Support Files/Pods-BasicArchitecture/Pods-BasicArchitecture-frameworks.sh\"\n";
			showEnvVarsInLog = 0;
		};
		75D421EAD9DF8FDA0E46B525 /* [CP] Check Pods Manifest.lock */ = {
			isa = PBXShellScriptBuildPhase;
			buildActionMask = 2147483647;
			files = (
			);
			inputPaths = (
			);
			name = "[CP] Check Pods Manifest.lock";
			outputPaths = (
			);
			runOnlyForDeploymentPostprocessing = 0;
			shellPath = /bin/sh;
			shellScript = "diff \"${PODS_PODFILE_DIR_PATH}/Podfile.lock\" \"${PODS_ROOT}/Manifest.lock\" > /dev/null\nif [ $? != 0 ] ; then\n    # print error to STDERR\n    echo \"error: The sandbox is not in sync with the Podfile.lock. Run 'pod install' or update your CocoaPods installation.\" >&2\n    exit 1\nfi\n";
			showEnvVarsInLog = 0;
		};
/* End PBXShellScriptBuildPhase section */

/* Begin PBXSourcesBuildPhase section */
		30DF1A831DC34A44009D7C53 /* Sources */ = {
			isa = PBXSourcesBuildPhase;
			buildActionMask = 2147483647;
			files = (
				30DF1AC01DC34CC0009D7C53 /* main.m in Sources */,
				30DF1B771DC35425009D7C53 /* MJRefreshBackGifFooter.m in Sources */,
				30DF1ADC1DC3541B009D7C53 /* AssignToObject.m in Sources */,
				30DF1B7C1DC35425009D7C53 /* MJRefreshStateHeader.m in Sources */,
				382844691ED2E0C7007BD5A6 /* UITabBarController+ZFPlayerRotation.m in Sources */,
				3865E7EC1ED81B72001F03E1 /* ZJLoginViewController.m in Sources */,
				30DF1B711DC35425009D7C53 /* MJRefreshComponent.m in Sources */,
				3828445C1ED2E05E007BD5A6 /* MMPopupCategory.m in Sources */,
				30DF1ABE1DC34CC0009D7C53 /* AppDelegate.m in Sources */,
				382844521ED2E05E007BD5A6 /* MJFoundation.m in Sources */,
				382844551ED2E05E007BD5A6 /* MJPropertyType.m in Sources */,
				30DF1B881DC35425009D7C53 /* SDCycleScrollView.m in Sources */,
				381376321ED2E78B00ADE73C /* BZTDateView.m in Sources */,
				3813761E1ED2E68B00ADE73C /* ZJHomePageViewController.m in Sources */,
				30DF1B791DC35425009D7C53 /* MJRefreshBackStateFooter.m in Sources */,
				30DF1B701DC35425009D7C53 /* MJRefreshBackFooter.m in Sources */,
				382844511ED2E05E007BD5A6 /* MJExtensionConst.m in Sources */,
				3828446A1ED2E0C7007BD5A6 /* UIViewController+ZFPlayerRotation.m in Sources */,
				30DF1AC31DC3506D009D7C53 /* ZJNavigationViewController.m in Sources */,
				3828445E1ED2E05F007BD5A6 /* MMPopupView.m in Sources */,
				30DF1B941DC35425009D7C53 /* ZFPlayerControlView.m in Sources */,
				30DF1AD01DC35215009D7C53 /* AFOwnerHTTPSessionManager.m in Sources */,
				30DF1B871DC35425009D7C53 /* SDCollectionViewCell.m in Sources */,
				382844541ED2E05E007BD5A6 /* MJPropertyKey.m in Sources */,
				30DF1B751DC35425009D7C53 /* MJRefreshAutoNormalFooter.m in Sources */,
				30DF1B781DC35425009D7C53 /* MJRefreshBackNormalFooter.m in Sources */,
				30DF1B921DC35425009D7C53 /* ZFBrightnessView.m in Sources */,
				30DF1B851DC35425009D7C53 /* TADotView.m in Sources */,
				30DF1B841DC35425009D7C53 /* TAAnimatedDotView.m in Sources */,
				382844581ED2E05E007BD5A6 /* NSObject+MJKeyValue.m in Sources */,
				381376191ED2E65700ADE73C /* ZJBaseViewController.m in Sources */,
				308918041DC452C100531911 /* ZJTabBarViewController.m in Sources */,
				382844601ED2E05F007BD5A6 /* MMSheetView.m in Sources */,
				382844701ED2E162007BD5A6 /* UIImage+ZJ.m in Sources */,
				382844681ED2E0C7007BD5A6 /* UINavigationController+ZFPlayerRotation.m in Sources */,
				30DF1B7B1DC35425009D7C53 /* MJRefreshNormalHeader.m in Sources */,
				30DF1B7A1DC35425009D7C53 /* MJRefreshGifHeader.m in Sources */,
				382844731ED2E1B9007BD5A6 /* UIButton+BasicArchitecture.m in Sources */,
				30DF1AD31DC35215009D7C53 /* NSObject+AssingeToObject.m in Sources */,
				3828446F1ED2E162007BD5A6 /* NSObject+ZJ.m in Sources */,
				30DF1AD41DC35215009D7C53 /* Foundation+Log.m in Sources */,
				30DF1B7E1DC35425009D7C53 /* MJRefreshConst.m in Sources */,
				30DF1ADD1DC3541B009D7C53 /* GetDataBase.m in Sources */,
				3813762B1ED2E71400ADE73C /* UIView+ZJ.m in Sources */,
				30DF1B8E1DC35425009D7C53 /* ASValueTrackingSlider.m in Sources */,
				30DF1B861DC35425009D7C53 /* TAPageControl.m in Sources */,
				30DF1B8D1DC35425009D7C53 /* ASValuePopUpView.m in Sources */,
				30DF1B801DC35425009D7C53 /* UIScrollView+MJExtension.m in Sources */,
				3865E7F11ED821E6001F03E1 /* ZJloginTextField.m in Sources */,
				381376231ED2E69400ADE73C /* ZJAddressBookViewController.m in Sources */,
				382844591ED2E05E007BD5A6 /* NSObject+MJProperty.m in Sources */,
				30DF1B831DC35425009D7C53 /* TAAbstractDotView.m in Sources */,
				38FF57BB1ED82550000244BC /* ZJLoginView.m in Sources */,
				30DF1B821DC35425009D7C53 /* UIView+MJExtension.m in Sources */,
				30DF1B721DC35425009D7C53 /* MJRefreshFooter.m in Sources */,
				30DF1B951DC35425009D7C53 /* ZFPlayerView.m in Sources */,
				382844571ED2E05E007BD5A6 /* NSObject+MJCoding.m in Sources */,
				30DF1AD21DC35215009D7C53 /* ToolsObject.m in Sources */,
				381376331ED2E78B00ADE73C /* BZTSeletPhotosAleterSheet.m in Sources */,
				30DF1B7F1DC35425009D7C53 /* NSBundle+MJRefresh.m in Sources */,
				3828445F1ED2E05F007BD5A6 /* MMPopupWindow.m in Sources */,
				382844561ED2E05E007BD5A6 /* NSObject+MJClass.m in Sources */,
				30DF1B731DC35425009D7C53 /* MJRefreshHeader.m in Sources */,
				382844271ED2DE1D007BD5A6 /* BasicArchitectureGlobalConstants.m in Sources */,
				3828445B1ED2E05E007BD5A6 /* MMAlertView.m in Sources */,
				3828445D1ED2E05E007BD5A6 /* MMPopupItem.m in Sources */,
				30DF1B6F1DC35425009D7C53 /* MJRefreshAutoFooter.m in Sources */,
				30DF1B761DC35425009D7C53 /* MJRefreshAutoStateFooter.m in Sources */,
				382844501ED2E05E007BD5A6 /* MBProgressHUD.m in Sources */,
				30DF1B811DC35425009D7C53 /* UIScrollView+MJRefresh.m in Sources */,
				3828445A1ED2E05E007BD5A6 /* NSString+MJExtension.m in Sources */,
				382844531ED2E05E007BD5A6 /* MJProperty.m in Sources */,
				381376281ED2E6A000ADE73C /* ZJSetViewController.m in Sources */,
				30DF1B741DC35425009D7C53 /* MJRefreshAutoGifFooter.m in Sources */,
				30DF1B891DC35425009D7C53 /* UIView+SDExtension.m in Sources */,
			);
			runOnlyForDeploymentPostprocessing = 0;
		};
/* End PBXSourcesBuildPhase section */

/* Begin PBXVariantGroup section */
		30DF1A981DC34A44009D7C53 /* LaunchScreen.storyboard */ = {
			isa = PBXVariantGroup;
			children = (
				30DF1A991DC34A44009D7C53 /* Base */,
			);
			name = LaunchScreen.storyboard;
			sourceTree = "<group>";
		};
/* End PBXVariantGroup section */

/* Begin XCBuildConfiguration section */
		30DF1A9C1DC34A44009D7C53 /* Debug */ = {
			isa = XCBuildConfiguration;
			buildSettings = {
				ALWAYS_SEARCH_USER_PATHS = NO;
				CLANG_ANALYZER_NONNULL = YES;
				CLANG_CXX_LANGUAGE_STANDARD = "gnu++0x";
				CLANG_CXX_LIBRARY = "libc++";
				CLANG_ENABLE_MODULES = YES;
				CLANG_ENABLE_OBJC_ARC = YES;
				CLANG_WARN_BOOL_CONVERSION = YES;
				CLANG_WARN_CONSTANT_CONVERSION = YES;
				CLANG_WARN_DIRECT_OBJC_ISA_USAGE = YES_ERROR;
				CLANG_WARN_DOCUMENTATION_COMMENTS = YES;
				CLANG_WARN_EMPTY_BODY = YES;
				CLANG_WARN_ENUM_CONVERSION = YES;
				CLANG_WARN_INFINITE_RECURSION = YES;
				CLANG_WARN_INT_CONVERSION = YES;
				CLANG_WARN_OBJC_ROOT_CLASS = YES_ERROR;
				CLANG_WARN_SUSPICIOUS_MOVE = YES;
				CLANG_WARN_SUSPICIOUS_MOVES = YES;
				CLANG_WARN_UNREACHABLE_CODE = YES;
				CLANG_WARN__DUPLICATE_METHOD_MATCH = YES;
				"CODE_SIGN_IDENTITY[sdk=iphoneos*]" = "iPhone Developer";
				COPY_PHASE_STRIP = NO;
				DEBUG_INFORMATION_FORMAT = dwarf;
				ENABLE_STRICT_OBJC_MSGSEND = YES;
				ENABLE_TESTABILITY = YES;
				GCC_C_LANGUAGE_STANDARD = gnu99;
				GCC_DYNAMIC_NO_PIC = NO;
				GCC_NO_COMMON_BLOCKS = YES;
				GCC_OPTIMIZATION_LEVEL = 0;
				GCC_PREPROCESSOR_DEFINITIONS = (
					"DEBUG=1",
					"$(inherited)",
				);
				GCC_WARN_64_TO_32_BIT_CONVERSION = YES;
				GCC_WARN_ABOUT_RETURN_TYPE = YES_ERROR;
				GCC_WARN_UNDECLARED_SELECTOR = YES;
				GCC_WARN_UNINITIALIZED_AUTOS = YES_AGGRESSIVE;
				GCC_WARN_UNUSED_FUNCTION = YES;
				GCC_WARN_UNUSED_VARIABLE = YES;
				IPHONEOS_DEPLOYMENT_TARGET = 10.1;
				MTL_ENABLE_DEBUG_INFO = YES;
				ONLY_ACTIVE_ARCH = YES;
				SDKROOT = iphoneos;
			};
			name = Debug;
		};
		30DF1A9D1DC34A44009D7C53 /* Release */ = {
			isa = XCBuildConfiguration;
			buildSettings = {
				ALWAYS_SEARCH_USER_PATHS = NO;
				CLANG_ANALYZER_NONNULL = YES;
				CLANG_CXX_LANGUAGE_STANDARD = "gnu++0x";
				CLANG_CXX_LIBRARY = "libc++";
				CLANG_ENABLE_MODULES = YES;
				CLANG_ENABLE_OBJC_ARC = YES;
				CLANG_WARN_BOOL_CONVERSION = YES;
				CLANG_WARN_CONSTANT_CONVERSION = YES;
				CLANG_WARN_DIRECT_OBJC_ISA_USAGE = YES_ERROR;
				CLANG_WARN_DOCUMENTATION_COMMENTS = YES;
				CLANG_WARN_EMPTY_BODY = YES;
				CLANG_WARN_ENUM_CONVERSION = YES;
				CLANG_WARN_INFINITE_RECURSION = YES;
				CLANG_WARN_INT_CONVERSION = YES;
				CLANG_WARN_OBJC_ROOT_CLASS = YES_ERROR;
				CLANG_WARN_SUSPICIOUS_MOVE = YES;
				CLANG_WARN_SUSPICIOUS_MOVES = YES;
				CLANG_WARN_UNREACHABLE_CODE = YES;
				CLANG_WARN__DUPLICATE_METHOD_MATCH = YES;
				"CODE_SIGN_IDENTITY[sdk=iphoneos*]" = "iPhone Developer";
				COPY_PHASE_STRIP = NO;
				DEBUG_INFORMATION_FORMAT = "dwarf-with-dsym";
				ENABLE_NS_ASSERTIONS = NO;
				ENABLE_STRICT_OBJC_MSGSEND = YES;
				GCC_C_LANGUAGE_STANDARD = gnu99;
				GCC_NO_COMMON_BLOCKS = YES;
				GCC_WARN_64_TO_32_BIT_CONVERSION = YES;
				GCC_WARN_ABOUT_RETURN_TYPE = YES_ERROR;
				GCC_WARN_UNDECLARED_SELECTOR = YES;
				GCC_WARN_UNINITIALIZED_AUTOS = YES_AGGRESSIVE;
				GCC_WARN_UNUSED_FUNCTION = YES;
				GCC_WARN_UNUSED_VARIABLE = YES;
				IPHONEOS_DEPLOYMENT_TARGET = 10.1;
				MTL_ENABLE_DEBUG_INFO = NO;
				SDKROOT = iphoneos;
				VALIDATE_PRODUCT = YES;
			};
			name = Release;
		};
		30DF1A9F1DC34A44009D7C53 /* Debug */ = {
			isa = XCBuildConfiguration;
			baseConfigurationReference = FF47B6F3A4027AE1B769F61A /* Pods-BasicArchitecture.debug.xcconfig */;
			buildSettings = {
				ASSETCATALOG_COMPILER_APPICON_NAME = AppIcon;
				GCC_PREFIX_HEADER = "BasicArchitecture/Other（项目相关）/BasicArchitecture.pch";
				INFOPLIST_FILE = "$(SRCROOT)/BasicArchitecture/Other（项目相关）/Info.plist";
				IPHONEOS_DEPLOYMENT_TARGET = 8.0;
				LD_RUNPATH_SEARCH_PATHS = "$(inherited) @executable_path/Frameworks";
				PRODUCT_BUNDLE_IDENTIFIER = com.zhoujun.BasicArchitecture;
				PRODUCT_NAME = "$(TARGET_NAME)";
				WARNING_CFLAGS = "-Wno-documentation";
			};
			name = Debug;
		};
		30DF1AA01DC34A44009D7C53 /* Release */ = {
			isa = XCBuildConfiguration;
			baseConfigurationReference = AA4F6CE721A2EEFE1964BCAB /* Pods-BasicArchitecture.release.xcconfig */;
			buildSettings = {
				ASSETCATALOG_COMPILER_APPICON_NAME = AppIcon;
				GCC_PREFIX_HEADER = "BasicArchitecture/Other（项目相关）/BasicArchitecture.pch";
				INFOPLIST_FILE = "$(SRCROOT)/BasicArchitecture/Other（项目相关）/Info.plist";
				IPHONEOS_DEPLOYMENT_TARGET = 8.0;
				LD_RUNPATH_SEARCH_PATHS = "$(inherited) @executable_path/Frameworks";
				PRODUCT_BUNDLE_IDENTIFIER = com.zhoujun.BasicArchitecture;
				PRODUCT_NAME = "$(TARGET_NAME)";
				WARNING_CFLAGS = "-Wno-documentation";
			};
			name = Release;
		};
/* End XCBuildConfiguration section */

/* Begin XCConfigurationList section */
		30DF1A821DC34A44009D7C53 /* Build configuration list for PBXProject "BasicArchitecture" */ = {
			isa = XCConfigurationList;
			buildConfigurations = (
				30DF1A9C1DC34A44009D7C53 /* Debug */,
				30DF1A9D1DC34A44009D7C53 /* Release */,
			);
			defaultConfigurationIsVisible = 0;
			defaultConfigurationName = Release;
		};
		30DF1A9E1DC34A44009D7C53 /* Build configuration list for PBXNativeTarget "BasicArchitecture" */ = {
			isa = XCConfigurationList;
			buildConfigurations = (
				30DF1A9F1DC34A44009D7C53 /* Debug */,
				30DF1AA01DC34A44009D7C53 /* Release */,
			);
			defaultConfigurationIsVisible = 0;
			defaultConfigurationName = Release;
		};
/* End XCConfigurationList section */
	};
	rootObject = 30DF1A7F1DC34A44009D7C53 /* Project object */;
}
